// !$*UTF8*$!
{
	archiveVersion = 1;
	classes = {
	};
	objectVersion = 55;
	objects = {

/* Begin PBXBuildFile section */
		9305BA012757570F003E91F7 /* PersistenceManager.swift in Sources */ = {isa = PBXBuildFile; fileRef = 9305BA002757570F003E91F7 /* PersistenceManager.swift */; };
		9305BA0327575D62003E91F7 /* FavoritesListViewController.swift in Sources */ = {isa = PBXBuildFile; fileRef = 9305BA0227575D62003E91F7 /* FavoritesListViewController.swift */; };
		9305BA0527575FCF003E91F7 /* SwipeLine.swift in Sources */ = {isa = PBXBuildFile; fileRef = 9305BA0427575FCF003E91F7 /* SwipeLine.swift */; };
		9305BA08275760CB003E91F7 /* FavoritesTableViewCell.swift in Sources */ = {isa = PBXBuildFile; fileRef = 9305BA07275760CB003E91F7 /* FavoritesTableViewCell.swift */; };
		9305BA0A2757D697003E91F7 /* CellQuoteLabel.swift in Sources */ = {isa = PBXBuildFile; fileRef = 9305BA092757D696003E91F7 /* CellQuoteLabel.swift */; };
		9305BA0C2757D6DB003E91F7 /* CellAuthorLabel.swift in Sources */ = {isa = PBXBuildFile; fileRef = 9305BA0B2757D6DB003E91F7 /* CellAuthorLabel.swift */; };
		932BF740278960020090F29A /* ShareViewController.swift in Sources */ = {isa = PBXBuildFile; fileRef = 932BF73F278960020090F29A /* ShareViewController.swift */; };
		93761BA6274A2D8300DF12B6 /* AuthorViewController.swift in Sources */ = {isa = PBXBuildFile; fileRef = 93761BA5274A2D8300DF12B6 /* AuthorViewController.swift */; };
		9376472A2790201C00A5B4E9 /* ActionButton.swift in Sources */ = {isa = PBXBuildFile; fileRef = 937647292790201C00A5B4E9 /* ActionButton.swift */; };
		9376472C279027B200A5B4E9 /* BottomLine.swift in Sources */ = {isa = PBXBuildFile; fileRef = 9376472B279027B200A5B4E9 /* BottomLine.swift */; };
		9376472E279034CC00A5B4E9 /* LogoForBackgroundVC.swift in Sources */ = {isa = PBXBuildFile; fileRef = 9376472D279034CB00A5B4E9 /* LogoForBackgroundVC.swift */; };
		9377028D277E146100BF0AC4 /* InstagramManager.swift in Sources */ = {isa = PBXBuildFile; fileRef = 9377028C277E146100BF0AC4 /* InstagramManager.swift */; };
		93992734275AA60A00E95481 /* ExportViewController.swift in Sources */ = {isa = PBXBuildFile; fileRef = 93992733275AA60A00E95481 /* ExportViewController.swift */; };
		9399B1C82764823A0035021E /* GradientConfigurationVC.swift in Sources */ = {isa = PBXBuildFile; fileRef = 9399B1C72764823A0035021E /* GradientConfigurationVC.swift */; };
		939A3A362754AF500079DF97 /* EmptyAuthorView.swift in Sources */ = {isa = PBXBuildFile; fileRef = 939A3A352754AF500079DF97 /* EmptyAuthorView.swift */; };
		939A3A382754CF010079DF97 /* UIViewController+Ext.swift in Sources */ = {isa = PBXBuildFile; fileRef = 939A3A372754CF010079DF97 /* UIViewController+Ext.swift */; };
		939A3A3B2754FC680079DF97 /* AlertViewController.swift in Sources */ = {isa = PBXBuildFile; fileRef = 939A3A3A2754FC680079DF97 /* AlertViewController.swift */; };
		939AC1F4276BEA0D001E7FA2 /* FacebookShare in Frameworks */ = {isa = PBXBuildFile; productRef = 939AC1F3276BEA0D001E7FA2 /* FacebookShare */; };
		939AD0482768D6F600F73FFE /* ImageSearchTF.swift in Sources */ = {isa = PBXBuildFile; fileRef = 939AD0472768D6F600F73FFE /* ImageSearchTF.swift */; };
		939AD04A27690F1000F73FFE /* UINavigationController +Ext.swift in Sources */ = {isa = PBXBuildFile; fileRef = 939AD04927690F1000F73FFE /* UINavigationController +Ext.swift */; };
		939AD04D27692EFB00F73FFE /* IQKeyboardManagerSwift in Frameworks */ = {isa = PBXBuildFile; productRef = 939AD04C27692EFB00F73FFE /* IQKeyboardManagerSwift */; };
		939E4A2F278CA8AE00A9A0E2 /* PhotoViewController.swift in Sources */ = {isa = PBXBuildFile; fileRef = 939E4A2E278CA8AE00A9A0E2 /* PhotoViewController.swift */; };
		93A064F1278ED46C0099412D /* UserDefManager.swift in Sources */ = {isa = PBXBuildFile; fileRef = 93A064F0278ED46C0099412D /* UserDefManager.swift */; };
		93A064FF278FFC220099412D /* Roboto-Medium.ttf in Resources */ = {isa = PBXBuildFile; fileRef = 93A064F3278FFC210099412D /* Roboto-Medium.ttf */; };
		93A06500278FFC220099412D /* Roboto-BlackItalic.ttf in Resources */ = {isa = PBXBuildFile; fileRef = 93A064F4278FFC210099412D /* Roboto-BlackItalic.ttf */; };
		93A06501278FFC220099412D /* Roboto-BoldItalic.ttf in Resources */ = {isa = PBXBuildFile; fileRef = 93A064F5278FFC210099412D /* Roboto-BoldItalic.ttf */; };
		93A06502278FFC220099412D /* Roboto-Bold.ttf in Resources */ = {isa = PBXBuildFile; fileRef = 93A064F6278FFC210099412D /* Roboto-Bold.ttf */; };
		93A06503278FFC220099412D /* Roboto-MediumItalic.ttf in Resources */ = {isa = PBXBuildFile; fileRef = 93A064F7278FFC210099412D /* Roboto-MediumItalic.ttf */; };
		93A06504278FFC220099412D /* Roboto-LightItalic.ttf in Resources */ = {isa = PBXBuildFile; fileRef = 93A064F8278FFC210099412D /* Roboto-LightItalic.ttf */; };
		93A06505278FFC220099412D /* Roboto-Thin.ttf in Resources */ = {isa = PBXBuildFile; fileRef = 93A064F9278FFC220099412D /* Roboto-Thin.ttf */; };
		93A06506278FFC220099412D /* Roboto-Italic.ttf in Resources */ = {isa = PBXBuildFile; fileRef = 93A064FA278FFC220099412D /* Roboto-Italic.ttf */; };
		93A06507278FFC220099412D /* Roboto-ThinItalic.ttf in Resources */ = {isa = PBXBuildFile; fileRef = 93A064FB278FFC220099412D /* Roboto-ThinItalic.ttf */; };
		93A06508278FFC220099412D /* Roboto-Black.ttf in Resources */ = {isa = PBXBuildFile; fileRef = 93A064FC278FFC220099412D /* Roboto-Black.ttf */; };
		93A06509278FFC220099412D /* Roboto-Regular.ttf in Resources */ = {isa = PBXBuildFile; fileRef = 93A064FD278FFC220099412D /* Roboto-Regular.ttf */; };
		93A0650A278FFC220099412D /* Roboto-Light.ttf in Resources */ = {isa = PBXBuildFile; fileRef = 93A064FE278FFC220099412D /* Roboto-Light.ttf */; };
		93A59880275CA67300FCC32B /* UnsplashCollectionVC.swift in Sources */ = {isa = PBXBuildFile; fileRef = 93A5987F275CA67300FCC32B /* UnsplashCollectionVC.swift */; };
		93A59882275CA77500FCC32B /* CollectionCellmageView.swift in Sources */ = {isa = PBXBuildFile; fileRef = 93A59881275CA77500FCC32B /* CollectionCellmageView.swift */; };
		93A59884275CA7CE00FCC32B /* CollectionCell.swift in Sources */ = {isa = PBXBuildFile; fileRef = 93A59883275CA7CE00FCC32B /* CollectionCell.swift */; };
		93A59886275CA8F800FCC32B /* Unsplash.swift in Sources */ = {isa = PBXBuildFile; fileRef = 93A59885275CA8F800FCC32B /* Unsplash.swift */; };
		93A9FB5327536D7000442A91 /* NetwokManager.swift in Sources */ = {isa = PBXBuildFile; fileRef = 93A9FB5227536D7000442A91 /* NetwokManager.swift */; };
		93A9FB5527536E5E00442A91 /* Quote.swift in Sources */ = {isa = PBXBuildFile; fileRef = 93A9FB5427536E5E00442A91 /* Quote.swift */; };
		93A9FB5727536F5600442A91 /* ErrorMasasge.swift in Sources */ = {isa = PBXBuildFile; fileRef = 93A9FB5627536F5600442A91 /* ErrorMasasge.swift */; };
		93A9FB592753F7B400442A91 /* Wikipedia.swift in Sources */ = {isa = PBXBuildFile; fileRef = 93A9FB582753F7B400442A91 /* Wikipedia.swift */; };
		93B4ED04275B388D00C6E5E9 /* SocialViewController.swift in Sources */ = {isa = PBXBuildFile; fileRef = 93B4ED03275B388D00C6E5E9 /* SocialViewController.swift */; };
		93B4ED06275B38E800C6E5E9 /* CostumeSocialButton.swift in Sources */ = {isa = PBXBuildFile; fileRef = 93B4ED05275B38E800C6E5E9 /* CostumeSocialButton.swift */; };
		93B4ED08275B3BB700C6E5E9 /* ImageConfigurationVC.swift in Sources */ = {isa = PBXBuildFile; fileRef = 93B4ED07275B3BB700C6E5E9 /* ImageConfigurationVC.swift */; };
		93BBBBDB27A5F2BA00363E90 /* MultipleAppIconsViewController.swift in Sources */ = {isa = PBXBuildFile; fileRef = 93BBBBDA27A5F2BA00363E90 /* MultipleAppIconsViewController.swift */; };
		93BBBCA427A70A2F00363E90 /* iconBlue-76.png in Resources */ = {isa = PBXBuildFile; fileRef = 93BBBC9327A70A2D00363E90 /* iconBlue-76.png */; };
		93BBBCA527A70A2F00363E90 /* iconBlue-small.png in Resources */ = {isa = PBXBuildFile; fileRef = 93BBBC9427A70A2D00363E90 /* iconBlue-small.png */; };
		93BBBCA627A70A2F00363E90 /* iconBlue-small@3x.png in Resources */ = {isa = PBXBuildFile; fileRef = 93BBBC9527A70A2E00363E90 /* iconBlue-small@3x.png */; };
		93BBBCA727A70A2F00363E90 /* iconBlue-40.png in Resources */ = {isa = PBXBuildFile; fileRef = 93BBBC9627A70A2E00363E90 /* iconBlue-40.png */; };
		93BBBCA827A70A2F00363E90 /* iconBlue@2x.png in Resources */ = {isa = PBXBuildFile; fileRef = 93BBBC9727A70A2E00363E90 /* iconBlue@2x.png */; };
		93BBBCA927A70A2F00363E90 /* iconBlue-72@2x.png in Resources */ = {isa = PBXBuildFile; fileRef = 93BBBC9827A70A2E00363E90 /* iconBlue-72@2x.png */; };
		93BBBCAA27A70A2F00363E90 /* iconBlue-72.png in Resources */ = {isa = PBXBuildFile; fileRef = 93BBBC9927A70A2E00363E90 /* iconBlue-72.png */; };
		93BBBCAB27A70A2F00363E90 /* iconBlue.png in Resources */ = {isa = PBXBuildFile; fileRef = 93BBBC9A27A70A2E00363E90 /* iconBlue.png */; };
		93BBBCAC27A70A2F00363E90 /* iconBlue-40@3x.png in Resources */ = {isa = PBXBuildFile; fileRef = 93BBBC9B27A70A2E00363E90 /* iconBlue-40@3x.png */; };
		93BBBCAD27A70A2F00363E90 /* iconBlue-40@2x.png in Resources */ = {isa = PBXBuildFile; fileRef = 93BBBC9C27A70A2E00363E90 /* iconBlue-40@2x.png */; };
		93BBBCAE27A70A2F00363E90 /* iconBlue-76@2x.png in Resources */ = {isa = PBXBuildFile; fileRef = 93BBBC9D27A70A2E00363E90 /* iconBlue-76@2x.png */; };
		93BBBCAF27A70A2F00363E90 /* iconBlue-83.5@2x.png in Resources */ = {isa = PBXBuildFile; fileRef = 93BBBC9E27A70A2F00363E90 /* iconBlue-83.5@2x.png */; };
		93BBBCB027A70A2F00363E90 /* iconBlue-small-50.png in Resources */ = {isa = PBXBuildFile; fileRef = 93BBBC9F27A70A2F00363E90 /* iconBlue-small-50.png */; };
		93BBBCB127A70A2F00363E90 /* iconBlue-small-50@2x.png in Resources */ = {isa = PBXBuildFile; fileRef = 93BBBCA027A70A2F00363E90 /* iconBlue-small-50@2x.png */; };
		93BBBCB227A70A2F00363E90 /* iconBlue-60@3x.png in Resources */ = {isa = PBXBuildFile; fileRef = 93BBBCA127A70A2F00363E90 /* iconBlue-60@3x.png */; };
		93BBBCB327A70A2F00363E90 /* iconBlue-small@2x.png in Resources */ = {isa = PBXBuildFile; fileRef = 93BBBCA227A70A2F00363E90 /* iconBlue-small@2x.png */; };
		93BBBCB427A70A2F00363E90 /* iconBlue-60@2x.png in Resources */ = {isa = PBXBuildFile; fileRef = 93BBBCA327A70A2F00363E90 /* iconBlue-60@2x.png */; };
		93BBBCC627A70CAC00363E90 /* iconRed-small-50.png in Resources */ = {isa = PBXBuildFile; fileRef = 93BBBCB527A70CA900363E90 /* iconRed-small-50.png */; };
		93BBBCC727A70CAC00363E90 /* iconRed-72.png in Resources */ = {isa = PBXBuildFile; fileRef = 93BBBCB627A70CA900363E90 /* iconRed-72.png */; };
		93BBBCC827A70CAC00363E90 /* iconRed-60@3x.png in Resources */ = {isa = PBXBuildFile; fileRef = 93BBBCB727A70CAA00363E90 /* iconRed-60@3x.png */; };
		93BBBCC927A70CAC00363E90 /* iconRed.png in Resources */ = {isa = PBXBuildFile; fileRef = 93BBBCB827A70CAA00363E90 /* iconRed.png */; };
		93BBBCCA27A70CAC00363E90 /* iconRed-small.png in Resources */ = {isa = PBXBuildFile; fileRef = 93BBBCB927A70CAA00363E90 /* iconRed-small.png */; };
		93BBBCCB27A70CAC00363E90 /* iconRed-40@2x.png in Resources */ = {isa = PBXBuildFile; fileRef = 93BBBCBA27A70CAA00363E90 /* iconRed-40@2x.png */; };
		93BBBCCC27A70CAC00363E90 /* iconRed-40.png in Resources */ = {isa = PBXBuildFile; fileRef = 93BBBCBB27A70CAA00363E90 /* iconRed-40.png */; };
		93BBBCCD27A70CAC00363E90 /* iconRed-small-50@2x.png in Resources */ = {isa = PBXBuildFile; fileRef = 93BBBCBC27A70CAA00363E90 /* iconRed-small-50@2x.png */; };
		93BBBCCE27A70CAC00363E90 /* iconRed-40@3x.png in Resources */ = {isa = PBXBuildFile; fileRef = 93BBBCBD27A70CAB00363E90 /* iconRed-40@3x.png */; };
		93BBBCCF27A70CAC00363E90 /* iconRed-small@3x.png in Resources */ = {isa = PBXBuildFile; fileRef = 93BBBCBE27A70CAB00363E90 /* iconRed-small@3x.png */; };
		93BBBCD027A70CAC00363E90 /* iconRed@2x.png in Resources */ = {isa = PBXBuildFile; fileRef = 93BBBCBF27A70CAB00363E90 /* iconRed@2x.png */; };
		93BBBCD127A70CAC00363E90 /* iconRed-76.png in Resources */ = {isa = PBXBuildFile; fileRef = 93BBBCC027A70CAB00363E90 /* iconRed-76.png */; };
		93BBBCD227A70CAC00363E90 /* iconRed-76@2x.png in Resources */ = {isa = PBXBuildFile; fileRef = 93BBBCC127A70CAB00363E90 /* iconRed-76@2x.png */; };
		93BBBCD327A70CAC00363E90 /* iconRed-60@2x.png in Resources */ = {isa = PBXBuildFile; fileRef = 93BBBCC227A70CAB00363E90 /* iconRed-60@2x.png */; };
		93BBBCD427A70CAC00363E90 /* iconRed-83.5@2x.png in Resources */ = {isa = PBXBuildFile; fileRef = 93BBBCC327A70CAC00363E90 /* iconRed-83.5@2x.png */; };
		93BBBCD527A70CAC00363E90 /* iconRed-small@2x.png in Resources */ = {isa = PBXBuildFile; fileRef = 93BBBCC427A70CAC00363E90 /* iconRed-small@2x.png */; };
		93BBBCD627A70CAC00363E90 /* iconRed-72@2x.png in Resources */ = {isa = PBXBuildFile; fileRef = 93BBBCC527A70CAC00363E90 /* iconRed-72@2x.png */; };
		93BBBCE927A70E5E00363E90 /* iconPurple@2x.png in Resources */ = {isa = PBXBuildFile; fileRef = 93BBBCD827A70E5A00363E90 /* iconPurple@2x.png */; };
		93BBBCEA27A70E5E00363E90 /* iconPurple-60@2x.png in Resources */ = {isa = PBXBuildFile; fileRef = 93BBBCD927A70E5A00363E90 /* iconPurple-60@2x.png */; };
		93BBBCEB27A70E5E00363E90 /* iconPurple-83.5@2x.png in Resources */ = {isa = PBXBuildFile; fileRef = 93BBBCDA27A70E5B00363E90 /* iconPurple-83.5@2x.png */; };
		93BBBCEC27A70E5E00363E90 /* iconPurple-40@3x.png in Resources */ = {isa = PBXBuildFile; fileRef = 93BBBCDB27A70E5B00363E90 /* iconPurple-40@3x.png */; };
		93BBBCED27A70E5E00363E90 /* iconPurple-72@2x.png in Resources */ = {isa = PBXBuildFile; fileRef = 93BBBCDC27A70E5B00363E90 /* iconPurple-72@2x.png */; };
		93BBBCEE27A70E5E00363E90 /* iconPurple.png in Resources */ = {isa = PBXBuildFile; fileRef = 93BBBCDD27A70E5B00363E90 /* iconPurple.png */; };
		93BBBCEF27A70E5E00363E90 /* iconPurple-small-50@2x.png in Resources */ = {isa = PBXBuildFile; fileRef = 93BBBCDE27A70E5B00363E90 /* iconPurple-small-50@2x.png */; };
		93BBBCF027A70E5E00363E90 /* iconPurple-40.png in Resources */ = {isa = PBXBuildFile; fileRef = 93BBBCDF27A70E5C00363E90 /* iconPurple-40.png */; };
		93BBBCF127A70E5E00363E90 /* iconPurple-small@2x.png in Resources */ = {isa = PBXBuildFile; fileRef = 93BBBCE027A70E5C00363E90 /* iconPurple-small@2x.png */; };
		93BBBCF227A70E5E00363E90 /* iconPurple-76.png in Resources */ = {isa = PBXBuildFile; fileRef = 93BBBCE127A70E5C00363E90 /* iconPurple-76.png */; };
		93BBBCF327A70E5E00363E90 /* iconPurple-72.png in Resources */ = {isa = PBXBuildFile; fileRef = 93BBBCE227A70E5C00363E90 /* iconPurple-72.png */; };
		93BBBCF427A70E5E00363E90 /* iconPurple-60@3x.png in Resources */ = {isa = PBXBuildFile; fileRef = 93BBBCE327A70E5D00363E90 /* iconPurple-60@3x.png */; };
		93BBBCF527A70E5E00363E90 /* iconPurple-small@3x.png in Resources */ = {isa = PBXBuildFile; fileRef = 93BBBCE427A70E5D00363E90 /* iconPurple-small@3x.png */; };
		93BBBCF627A70E5E00363E90 /* iconPurple-small-50.png in Resources */ = {isa = PBXBuildFile; fileRef = 93BBBCE527A70E5D00363E90 /* iconPurple-small-50.png */; };
		93BBBCF727A70E5E00363E90 /* iconPurple-40@2x.png in Resources */ = {isa = PBXBuildFile; fileRef = 93BBBCE627A70E5D00363E90 /* iconPurple-40@2x.png */; };
		93BBBCF827A70E5E00363E90 /* iconPurple-small.png in Resources */ = {isa = PBXBuildFile; fileRef = 93BBBCE727A70E5E00363E90 /* iconPurple-small.png */; };
		93BBBCF927A70E5E00363E90 /* iconPurple-76@2x.png in Resources */ = {isa = PBXBuildFile; fileRef = 93BBBCE827A70E5E00363E90 /* iconPurple-76@2x.png */; };
		93BBBCFB27A71A1A00363E90 /* CostumeIconsButton.swift in Sources */ = {isa = PBXBuildFile; fileRef = 93BBBCFA27A71A1A00363E90 /* CostumeIconsButton.swift */; };
		93BBBD3027A7ADCB00363E90 /* iconBlack-40@3x.png in Resources */ = {isa = PBXBuildFile; fileRef = 93BBBD1F27A7ADC800363E90 /* iconBlack-40@3x.png */; };
		93BBBD3127A7ADCB00363E90 /* iconBlack-small.png in Resources */ = {isa = PBXBuildFile; fileRef = 93BBBD2027A7ADC800363E90 /* iconBlack-small.png */; };
		93BBBD3227A7ADCB00363E90 /* iconBlack-small@3x.png in Resources */ = {isa = PBXBuildFile; fileRef = 93BBBD2127A7ADC800363E90 /* iconBlack-small@3x.png */; };
		93BBBD3327A7ADCB00363E90 /* iconBlack-40.png in Resources */ = {isa = PBXBuildFile; fileRef = 93BBBD2227A7ADC800363E90 /* iconBlack-40.png */; };
		93BBBD3427A7ADCB00363E90 /* iconBlack-76@2x.png in Resources */ = {isa = PBXBuildFile; fileRef = 93BBBD2327A7ADC800363E90 /* iconBlack-76@2x.png */; };
		93BBBD3527A7ADCB00363E90 /* iconBlack-72.png in Resources */ = {isa = PBXBuildFile; fileRef = 93BBBD2427A7ADC800363E90 /* iconBlack-72.png */; };
		93BBBD3627A7ADCB00363E90 /* iconBlack.png in Resources */ = {isa = PBXBuildFile; fileRef = 93BBBD2527A7ADC900363E90 /* iconBlack.png */; };
		93BBBD3727A7ADCB00363E90 /* iconBlack@2x.png in Resources */ = {isa = PBXBuildFile; fileRef = 93BBBD2627A7ADC900363E90 /* iconBlack@2x.png */; };
		93BBBD3827A7ADCB00363E90 /* iconBlack-small-50.png in Resources */ = {isa = PBXBuildFile; fileRef = 93BBBD2727A7ADC900363E90 /* iconBlack-small-50.png */; };
		93BBBD3927A7ADCB00363E90 /* iconBlack-76.png in Resources */ = {isa = PBXBuildFile; fileRef = 93BBBD2827A7ADC900363E90 /* iconBlack-76.png */; };
		93BBBD3A27A7ADCB00363E90 /* iconBlack-40@2x.png in Resources */ = {isa = PBXBuildFile; fileRef = 93BBBD2927A7ADC900363E90 /* iconBlack-40@2x.png */; };
		93BBBD3B27A7ADCB00363E90 /* iconBlack-72@2x.png in Resources */ = {isa = PBXBuildFile; fileRef = 93BBBD2A27A7ADCA00363E90 /* iconBlack-72@2x.png */; };
		93BBBD3C27A7ADCB00363E90 /* iconBlack-small-50@2x.png in Resources */ = {isa = PBXBuildFile; fileRef = 93BBBD2B27A7ADCA00363E90 /* iconBlack-small-50@2x.png */; };
		93BBBD3D27A7ADCB00363E90 /* iconBlack-small@2x.png in Resources */ = {isa = PBXBuildFile; fileRef = 93BBBD2C27A7ADCA00363E90 /* iconBlack-small@2x.png */; };
		93BBBD3E27A7ADCB00363E90 /* iconBlack-60@2x.png in Resources */ = {isa = PBXBuildFile; fileRef = 93BBBD2D27A7ADCA00363E90 /* iconBlack-60@2x.png */; };
		93BBBD3F27A7ADCB00363E90 /* iconBlack-60@3x.png in Resources */ = {isa = PBXBuildFile; fileRef = 93BBBD2E27A7ADCA00363E90 /* iconBlack-60@3x.png */; };
		93BBBD4027A7ADCB00363E90 /* iconBlack-83.5@2x.png in Resources */ = {isa = PBXBuildFile; fileRef = 93BBBD2F27A7ADCB00363E90 /* iconBlack-83.5@2x.png */; };
		93BDB9C72748D44900E4B928 /* CostumQuoteLebel.swift in Sources */ = {isa = PBXBuildFile; fileRef = 93BDB9C62748D44900E4B928 /* CostumQuoteLebel.swift */; };
		93BDB9CA2748DDF100E4B928 /* Constants.swift in Sources */ = {isa = PBXBuildFile; fileRef = 93BDB9C92748DDF100E4B928 /* Constants.swift */; };
		93BF89712745A05700EF386A /* AppDelegate.swift in Sources */ = {isa = PBXBuildFile; fileRef = 93BF89702745A05700EF386A /* AppDelegate.swift */; };
		93BF89732745A05700EF386A /* SceneDelegate.swift in Sources */ = {isa = PBXBuildFile; fileRef = 93BF89722745A05700EF386A /* SceneDelegate.swift */; };
		93BF897A2745A05A00EF386A /* Assets.xcassets in Resources */ = {isa = PBXBuildFile; fileRef = 93BF89792745A05A00EF386A /* Assets.xcassets */; };
		93BF897D2745A05A00EF386A /* LaunchScreen.storyboard in Resources */ = {isa = PBXBuildFile; fileRef = 93BF897B2745A05A00EF386A /* LaunchScreen.storyboard */; };
		93BF89882745A05A00EF386A /* iQuoteTests.swift in Sources */ = {isa = PBXBuildFile; fileRef = 93BF89872745A05A00EF386A /* iQuoteTests.swift */; };
		93BF89922745A05A00EF386A /* iQuoteUITests.swift in Sources */ = {isa = PBXBuildFile; fileRef = 93BF89912745A05A00EF386A /* iQuoteUITests.swift */; };
		93BF89942745A05A00EF386A /* iQuoteUITestsLaunchTests.swift in Sources */ = {isa = PBXBuildFile; fileRef = 93BF89932745A05A00EF386A /* iQuoteUITestsLaunchTests.swift */; };
		93BF89A12745A3B400EF386A /* MainViewController.swift in Sources */ = {isa = PBXBuildFile; fileRef = 93BF89A02745A3B400EF386A /* MainViewController.swift */; };
		93BF89A72746220E00EF386A /* UIColor+Ext.swift in Sources */ = {isa = PBXBuildFile; fileRef = 93BF89A62746220E00EF386A /* UIColor+Ext.swift */; };
		93C10641278C170D00E4CAF8 /* EmptyAuthorView2.swift in Sources */ = {isa = PBXBuildFile; fileRef = 93C10640278C170D00E4CAF8 /* EmptyAuthorView2.swift */; };
		93C2564D276B57C300AACB94 /* InstagramViewController.swift in Sources */ = {isa = PBXBuildFile; fileRef = 93C2564C276B57C300AACB94 /* InstagramViewController.swift */; };
		93C2564F276B5E5400AACB94 /* FacebookViewController.swift in Sources */ = {isa = PBXBuildFile; fileRef = 93C2564E276B5E5400AACB94 /* FacebookViewController.swift */; };
		93C25651276B60E000AACB94 /* TwiterViewController.swift in Sources */ = {isa = PBXBuildFile; fileRef = 93C25650276B60E000AACB94 /* TwiterViewController.swift */; };
		93C25653276B60EE00AACB94 /* LinkedInViewController.swift in Sources */ = {isa = PBXBuildFile; fileRef = 93C25652276B60EE00AACB94 /* LinkedInViewController.swift */; };
		93C3CFE22761E0F3009CD963 /* ImageVC.swift in Sources */ = {isa = PBXBuildFile; fileRef = 93C3CFE12761E0F3009CD963 /* ImageVC.swift */; };
		93C3CFE92761EED0009CD963 /* TextConfigurationVC.swift in Sources */ = {isa = PBXBuildFile; fileRef = 93C3CFE82761EED0009CD963 /* TextConfigurationVC.swift */; };
		93CE1CDB274ACB0D004FD559 /* NavigationViewController.swift in Sources */ = {isa = PBXBuildFile; fileRef = 93CE1CDA274ACB0D004FD559 /* NavigationViewController.swift */; };
		93CE1CDE274ACC0A004FD559 /* CostumQuoteButton.swift in Sources */ = {isa = PBXBuildFile; fileRef = 93CE1CDD274ACC0A004FD559 /* CostumQuoteButton.swift */; };
		93D2289B276C649400D6AC18 /* ConstantsSettings.swift in Sources */ = {isa = PBXBuildFile; fileRef = 93D2289A276C649400D6AC18 /* ConstantsSettings.swift */; };
		93D2289D276C64F500D6AC18 /* SettingsModel.swift in Sources */ = {isa = PBXBuildFile; fileRef = 93D2289C276C64F500D6AC18 /* SettingsModel.swift */; };
		93D228A0276C662300D6AC18 /* SideMenu in Frameworks */ = {isa = PBXBuildFile; productRef = 93D2289F276C662300D6AC18 /* SideMenu */; };
		93D228A3276C666300D6AC18 /* SideMenuViewController.swift in Sources */ = {isa = PBXBuildFile; fileRef = 93D228A2276C666300D6AC18 /* SideMenuViewController.swift */; };
		93D228A5276C66C300D6AC18 /* CostumTitleLabel.swift in Sources */ = {isa = PBXBuildFile; fileRef = 93D228A4276C66C300D6AC18 /* CostumTitleLabel.swift */; };
		93D228A7276C66F700D6AC18 /* SettingsTableViewCell.swift in Sources */ = {isa = PBXBuildFile; fileRef = 93D228A6276C66F700D6AC18 /* SettingsTableViewCell.swift */; };
		93D228A9276C6D3600D6AC18 /* AppVersionViewController.swift in Sources */ = {isa = PBXBuildFile; fileRef = 93D228A8276C6D3600D6AC18 /* AppVersionViewController.swift */; };
		93E1CE32274FF73B0089ECF1 /* CostumTransButton.swift in Sources */ = {isa = PBXBuildFile; fileRef = 93E1CE31274FF73B0089ECF1 /* CostumTransButton.swift */; };
		93ECBB5B2768603D00E1BB67 /* NSNotification+Ext.swift in Sources */ = {isa = PBXBuildFile; fileRef = 93ECBB5A2768603D00E1BB67 /* NSNotification+Ext.swift */; };
		93EE8D00274A4BB1000A8964 /* AuthorImageView.swift in Sources */ = {isa = PBXBuildFile; fileRef = 93EE8CFF274A4BB1000A8964 /* AuthorImageView.swift */; };
		93EE8D02274A4E7C000A8964 /* CostumAuthorLabel.swift in Sources */ = {isa = PBXBuildFile; fileRef = 93EE8D01274A4E7C000A8964 /* CostumAuthorLabel.swift */; };
		93F6B8C527465EA5005181C0 /* QuoteViewController.swift in Sources */ = {isa = PBXBuildFile; fileRef = 93F6B8C427465EA5005181C0 /* QuoteViewController.swift */; };
		93FAA46F2791AFE10022BF2F /* CancleButton.swift in Sources */ = {isa = PBXBuildFile; fileRef = 93FAA46E2791AFE10022BF2F /* CancleButton.swift */; };
		93FF7C072746BA5100064E83 /* CostumBackground.swift in Sources */ = {isa = PBXBuildFile; fileRef = 93FF7C062746BA5100064E83 /* CostumBackground.swift */; };
		93FF7C092746BE4700064E83 /* UIView+Ext.swift in Sources */ = {isa = PBXBuildFile; fileRef = 93FF7C082746BE4700064E83 /* UIView+Ext.swift */; };
/* End PBXBuildFile section */

/* Begin PBXContainerItemProxy section */
		93BF89842745A05A00EF386A /* PBXContainerItemProxy */ = {
			isa = PBXContainerItemProxy;
			containerPortal = 93BF89652745A05700EF386A /* Project object */;
			proxyType = 1;
			remoteGlobalIDString = 93BF896C2745A05700EF386A;
			remoteInfo = iQuote;
		};
		93BF898E2745A05A00EF386A /* PBXContainerItemProxy */ = {
			isa = PBXContainerItemProxy;
			containerPortal = 93BF89652745A05700EF386A /* Project object */;
			proxyType = 1;
			remoteGlobalIDString = 93BF896C2745A05700EF386A;
			remoteInfo = iQuote;
		};
/* End PBXContainerItemProxy section */

/* Begin PBXFileReference section */
		9305BA002757570F003E91F7 /* PersistenceManager.swift */ = {isa = PBXFileReference; lastKnownFileType = sourcecode.swift; path = PersistenceManager.swift; sourceTree = "<group>"; };
		9305BA0227575D62003E91F7 /* FavoritesListViewController.swift */ = {isa = PBXFileReference; lastKnownFileType = sourcecode.swift; path = FavoritesListViewController.swift; sourceTree = "<group>"; };
		9305BA0427575FCF003E91F7 /* SwipeLine.swift */ = {isa = PBXFileReference; lastKnownFileType = sourcecode.swift; path = SwipeLine.swift; sourceTree = "<group>"; };
		9305BA07275760CB003E91F7 /* FavoritesTableViewCell.swift */ = {isa = PBXFileReference; lastKnownFileType = sourcecode.swift; path = FavoritesTableViewCell.swift; sourceTree = "<group>"; };
		9305BA092757D696003E91F7 /* CellQuoteLabel.swift */ = {isa = PBXFileReference; lastKnownFileType = sourcecode.swift; path = CellQuoteLabel.swift; sourceTree = "<group>"; };
		9305BA0B2757D6DB003E91F7 /* CellAuthorLabel.swift */ = {isa = PBXFileReference; lastKnownFileType = sourcecode.swift; path = CellAuthorLabel.swift; sourceTree = "<group>"; };
		932BF73F278960020090F29A /* ShareViewController.swift */ = {isa = PBXFileReference; lastKnownFileType = sourcecode.swift; path = ShareViewController.swift; sourceTree = "<group>"; };
		93761BA5274A2D8300DF12B6 /* AuthorViewController.swift */ = {isa = PBXFileReference; lastKnownFileType = sourcecode.swift; path = AuthorViewController.swift; sourceTree = "<group>"; };
		937647292790201C00A5B4E9 /* ActionButton.swift */ = {isa = PBXFileReference; lastKnownFileType = sourcecode.swift; path = ActionButton.swift; sourceTree = "<group>"; };
		9376472B279027B200A5B4E9 /* BottomLine.swift */ = {isa = PBXFileReference; lastKnownFileType = sourcecode.swift; path = BottomLine.swift; sourceTree = "<group>"; };
		9376472D279034CB00A5B4E9 /* LogoForBackgroundVC.swift */ = {isa = PBXFileReference; lastKnownFileType = sourcecode.swift; path = LogoForBackgroundVC.swift; sourceTree = "<group>"; };
		9377028C277E146100BF0AC4 /* InstagramManager.swift */ = {isa = PBXFileReference; lastKnownFileType = sourcecode.swift; path = InstagramManager.swift; sourceTree = "<group>"; };
		93992733275AA60A00E95481 /* ExportViewController.swift */ = {isa = PBXFileReference; lastKnownFileType = sourcecode.swift; path = ExportViewController.swift; sourceTree = "<group>"; };
		9399B1C72764823A0035021E /* GradientConfigurationVC.swift */ = {isa = PBXFileReference; lastKnownFileType = sourcecode.swift; path = GradientConfigurationVC.swift; sourceTree = "<group>"; };
		939A3A352754AF500079DF97 /* EmptyAuthorView.swift */ = {isa = PBXFileReference; lastKnownFileType = sourcecode.swift; path = EmptyAuthorView.swift; sourceTree = "<group>"; };
		939A3A372754CF010079DF97 /* UIViewController+Ext.swift */ = {isa = PBXFileReference; lastKnownFileType = sourcecode.swift; path = "UIViewController+Ext.swift"; sourceTree = "<group>"; };
		939A3A3A2754FC680079DF97 /* AlertViewController.swift */ = {isa = PBXFileReference; lastKnownFileType = sourcecode.swift; path = AlertViewController.swift; sourceTree = "<group>"; };
		939AD0472768D6F600F73FFE /* ImageSearchTF.swift */ = {isa = PBXFileReference; lastKnownFileType = sourcecode.swift; path = ImageSearchTF.swift; sourceTree = "<group>"; };
		939AD04927690F1000F73FFE /* UINavigationController +Ext.swift */ = {isa = PBXFileReference; lastKnownFileType = sourcecode.swift; path = "UINavigationController +Ext.swift"; sourceTree = "<group>"; };
		939E4A2E278CA8AE00A9A0E2 /* PhotoViewController.swift */ = {isa = PBXFileReference; lastKnownFileType = sourcecode.swift; path = PhotoViewController.swift; sourceTree = "<group>"; };
		93A064F0278ED46C0099412D /* UserDefManager.swift */ = {isa = PBXFileReference; lastKnownFileType = sourcecode.swift; path = UserDefManager.swift; sourceTree = "<group>"; };
		93A064F3278FFC210099412D /* Roboto-Medium.ttf */ = {isa = PBXFileReference; lastKnownFileType = file; name = "Roboto-Medium.ttf"; path = "../../../../../pobrane fonty/Roboto/Roboto-Medium.ttf"; sourceTree = "<group>"; };
		93A064F4278FFC210099412D /* Roboto-BlackItalic.ttf */ = {isa = PBXFileReference; lastKnownFileType = file; name = "Roboto-BlackItalic.ttf"; path = "../../../../../pobrane fonty/Roboto/Roboto-BlackItalic.ttf"; sourceTree = "<group>"; };
		93A064F5278FFC210099412D /* Roboto-BoldItalic.ttf */ = {isa = PBXFileReference; lastKnownFileType = file; name = "Roboto-BoldItalic.ttf"; path = "../../../../../pobrane fonty/Roboto/Roboto-BoldItalic.ttf"; sourceTree = "<group>"; };
		93A064F6278FFC210099412D /* Roboto-Bold.ttf */ = {isa = PBXFileReference; lastKnownFileType = file; name = "Roboto-Bold.ttf"; path = "../../../../../pobrane fonty/Roboto/Roboto-Bold.ttf"; sourceTree = "<group>"; };
		93A064F7278FFC210099412D /* Roboto-MediumItalic.ttf */ = {isa = PBXFileReference; lastKnownFileType = file; name = "Roboto-MediumItalic.ttf"; path = "../../../../../pobrane fonty/Roboto/Roboto-MediumItalic.ttf"; sourceTree = "<group>"; };
		93A064F8278FFC210099412D /* Roboto-LightItalic.ttf */ = {isa = PBXFileReference; lastKnownFileType = file; name = "Roboto-LightItalic.ttf"; path = "../../../../../pobrane fonty/Roboto/Roboto-LightItalic.ttf"; sourceTree = "<group>"; };
		93A064F9278FFC220099412D /* Roboto-Thin.ttf */ = {isa = PBXFileReference; lastKnownFileType = file; name = "Roboto-Thin.ttf"; path = "../../../../../pobrane fonty/Roboto/Roboto-Thin.ttf"; sourceTree = "<group>"; };
		93A064FA278FFC220099412D /* Roboto-Italic.ttf */ = {isa = PBXFileReference; lastKnownFileType = file; name = "Roboto-Italic.ttf"; path = "../../../../../pobrane fonty/Roboto/Roboto-Italic.ttf"; sourceTree = "<group>"; };
		93A064FB278FFC220099412D /* Roboto-ThinItalic.ttf */ = {isa = PBXFileReference; lastKnownFileType = file; name = "Roboto-ThinItalic.ttf"; path = "../../../../../pobrane fonty/Roboto/Roboto-ThinItalic.ttf"; sourceTree = "<group>"; };
		93A064FC278FFC220099412D /* Roboto-Black.ttf */ = {isa = PBXFileReference; lastKnownFileType = file; name = "Roboto-Black.ttf"; path = "../../../../../pobrane fonty/Roboto/Roboto-Black.ttf"; sourceTree = "<group>"; };
		93A064FD278FFC220099412D /* Roboto-Regular.ttf */ = {isa = PBXFileReference; lastKnownFileType = file; name = "Roboto-Regular.ttf"; path = "../../../../../pobrane fonty/Roboto/Roboto-Regular.ttf"; sourceTree = "<group>"; };
		93A064FE278FFC220099412D /* Roboto-Light.ttf */ = {isa = PBXFileReference; lastKnownFileType = file; name = "Roboto-Light.ttf"; path = "../../../../../pobrane fonty/Roboto/Roboto-Light.ttf"; sourceTree = "<group>"; };
		93A5987F275CA67300FCC32B /* UnsplashCollectionVC.swift */ = {isa = PBXFileReference; lastKnownFileType = sourcecode.swift; path = UnsplashCollectionVC.swift; sourceTree = "<group>"; };
		93A59881275CA77500FCC32B /* CollectionCellmageView.swift */ = {isa = PBXFileReference; lastKnownFileType = sourcecode.swift; path = CollectionCellmageView.swift; sourceTree = "<group>"; };
		93A59883275CA7CE00FCC32B /* CollectionCell.swift */ = {isa = PBXFileReference; lastKnownFileType = sourcecode.swift; path = CollectionCell.swift; sourceTree = "<group>"; };
		93A59885275CA8F800FCC32B /* Unsplash.swift */ = {isa = PBXFileReference; lastKnownFileType = sourcecode.swift; path = Unsplash.swift; sourceTree = "<group>"; };
		93A9FB5227536D7000442A91 /* NetwokManager.swift */ = {isa = PBXFileReference; lastKnownFileType = sourcecode.swift; path = NetwokManager.swift; sourceTree = "<group>"; };
		93A9FB5427536E5E00442A91 /* Quote.swift */ = {isa = PBXFileReference; lastKnownFileType = sourcecode.swift; path = Quote.swift; sourceTree = "<group>"; };
		93A9FB5627536F5600442A91 /* ErrorMasasge.swift */ = {isa = PBXFileReference; lastKnownFileType = sourcecode.swift; path = ErrorMasasge.swift; sourceTree = "<group>"; };
		93A9FB582753F7B400442A91 /* Wikipedia.swift */ = {isa = PBXFileReference; lastKnownFileType = sourcecode.swift; path = Wikipedia.swift; sourceTree = "<group>"; };
		93B4ED03275B388D00C6E5E9 /* SocialViewController.swift */ = {isa = PBXFileReference; lastKnownFileType = sourcecode.swift; path = SocialViewController.swift; sourceTree = "<group>"; };
		93B4ED05275B38E800C6E5E9 /* CostumeSocialButton.swift */ = {isa = PBXFileReference; lastKnownFileType = sourcecode.swift; path = CostumeSocialButton.swift; sourceTree = "<group>"; };
		93B4ED07275B3BB700C6E5E9 /* ImageConfigurationVC.swift */ = {isa = PBXFileReference; lastKnownFileType = sourcecode.swift; path = ImageConfigurationVC.swift; sourceTree = "<group>"; };
		93BBBBDA27A5F2BA00363E90 /* MultipleAppIconsViewController.swift */ = {isa = PBXFileReference; lastKnownFileType = sourcecode.swift; path = MultipleAppIconsViewController.swift; sourceTree = "<group>"; };
		93BBBC9327A70A2D00363E90 /* iconBlue-76.png */ = {isa = PBXFileReference; lastKnownFileType = image.png; path = "iconBlue-76.png"; sourceTree = "<group>"; };
		93BBBC9427A70A2D00363E90 /* iconBlue-small.png */ = {isa = PBXFileReference; lastKnownFileType = image.png; path = "iconBlue-small.png"; sourceTree = "<group>"; };
		93BBBC9527A70A2E00363E90 /* iconBlue-small@3x.png */ = {isa = PBXFileReference; lastKnownFileType = image.png; path = "iconBlue-small@3x.png"; sourceTree = "<group>"; };
		93BBBC9627A70A2E00363E90 /* iconBlue-40.png */ = {isa = PBXFileReference; lastKnownFileType = image.png; path = "iconBlue-40.png"; sourceTree = "<group>"; };
		93BBBC9727A70A2E00363E90 /* iconBlue@2x.png */ = {isa = PBXFileReference; lastKnownFileType = image.png; path = "iconBlue@2x.png"; sourceTree = "<group>"; };
		93BBBC9827A70A2E00363E90 /* iconBlue-72@2x.png */ = {isa = PBXFileReference; lastKnownFileType = image.png; path = "iconBlue-72@2x.png"; sourceTree = "<group>"; };
		93BBBC9927A70A2E00363E90 /* iconBlue-72.png */ = {isa = PBXFileReference; lastKnownFileType = image.png; path = "iconBlue-72.png"; sourceTree = "<group>"; };
		93BBBC9A27A70A2E00363E90 /* iconBlue.png */ = {isa = PBXFileReference; lastKnownFileType = image.png; path = iconBlue.png; sourceTree = "<group>"; };
		93BBBC9B27A70A2E00363E90 /* iconBlue-40@3x.png */ = {isa = PBXFileReference; lastKnownFileType = image.png; path = "iconBlue-40@3x.png"; sourceTree = "<group>"; };
		93BBBC9C27A70A2E00363E90 /* iconBlue-40@2x.png */ = {isa = PBXFileReference; lastKnownFileType = image.png; path = "iconBlue-40@2x.png"; sourceTree = "<group>"; };
		93BBBC9D27A70A2E00363E90 /* iconBlue-76@2x.png */ = {isa = PBXFileReference; lastKnownFileType = image.png; path = "iconBlue-76@2x.png"; sourceTree = "<group>"; };
		93BBBC9E27A70A2F00363E90 /* iconBlue-83.5@2x.png */ = {isa = PBXFileReference; lastKnownFileType = image.png; path = "iconBlue-83.5@2x.png"; sourceTree = "<group>"; };
		93BBBC9F27A70A2F00363E90 /* iconBlue-small-50.png */ = {isa = PBXFileReference; lastKnownFileType = image.png; path = "iconBlue-small-50.png"; sourceTree = "<group>"; };
		93BBBCA027A70A2F00363E90 /* iconBlue-small-50@2x.png */ = {isa = PBXFileReference; lastKnownFileType = image.png; path = "iconBlue-small-50@2x.png"; sourceTree = "<group>"; };
		93BBBCA127A70A2F00363E90 /* iconBlue-60@3x.png */ = {isa = PBXFileReference; lastKnownFileType = image.png; path = "iconBlue-60@3x.png"; sourceTree = "<group>"; };
		93BBBCA227A70A2F00363E90 /* iconBlue-small@2x.png */ = {isa = PBXFileReference; lastKnownFileType = image.png; path = "iconBlue-small@2x.png"; sourceTree = "<group>"; };
		93BBBCA327A70A2F00363E90 /* iconBlue-60@2x.png */ = {isa = PBXFileReference; lastKnownFileType = image.png; path = "iconBlue-60@2x.png"; sourceTree = "<group>"; };
		93BBBCB527A70CA900363E90 /* iconRed-small-50.png */ = {isa = PBXFileReference; lastKnownFileType = image.png; path = "iconRed-small-50.png"; sourceTree = "<group>"; };
		93BBBCB627A70CA900363E90 /* iconRed-72.png */ = {isa = PBXFileReference; lastKnownFileType = image.png; path = "iconRed-72.png"; sourceTree = "<group>"; };
		93BBBCB727A70CAA00363E90 /* iconRed-60@3x.png */ = {isa = PBXFileReference; lastKnownFileType = image.png; path = "iconRed-60@3x.png"; sourceTree = "<group>"; };
		93BBBCB827A70CAA00363E90 /* iconRed.png */ = {isa = PBXFileReference; lastKnownFileType = image.png; path = iconRed.png; sourceTree = "<group>"; };
		93BBBCB927A70CAA00363E90 /* iconRed-small.png */ = {isa = PBXFileReference; lastKnownFileType = image.png; path = "iconRed-small.png"; sourceTree = "<group>"; };
		93BBBCBA27A70CAA00363E90 /* iconRed-40@2x.png */ = {isa = PBXFileReference; lastKnownFileType = image.png; path = "iconRed-40@2x.png"; sourceTree = "<group>"; };
		93BBBCBB27A70CAA00363E90 /* iconRed-40.png */ = {isa = PBXFileReference; lastKnownFileType = image.png; path = "iconRed-40.png"; sourceTree = "<group>"; };
		93BBBCBC27A70CAA00363E90 /* iconRed-small-50@2x.png */ = {isa = PBXFileReference; lastKnownFileType = image.png; path = "iconRed-small-50@2x.png"; sourceTree = "<group>"; };
		93BBBCBD27A70CAB00363E90 /* iconRed-40@3x.png */ = {isa = PBXFileReference; lastKnownFileType = image.png; path = "iconRed-40@3x.png"; sourceTree = "<group>"; };
		93BBBCBE27A70CAB00363E90 /* iconRed-small@3x.png */ = {isa = PBXFileReference; lastKnownFileType = image.png; path = "iconRed-small@3x.png"; sourceTree = "<group>"; };
		93BBBCBF27A70CAB00363E90 /* iconRed@2x.png */ = {isa = PBXFileReference; lastKnownFileType = image.png; path = "iconRed@2x.png"; sourceTree = "<group>"; };
		93BBBCC027A70CAB00363E90 /* iconRed-76.png */ = {isa = PBXFileReference; lastKnownFileType = image.png; path = "iconRed-76.png"; sourceTree = "<group>"; };
		93BBBCC127A70CAB00363E90 /* iconRed-76@2x.png */ = {isa = PBXFileReference; lastKnownFileType = image.png; path = "iconRed-76@2x.png"; sourceTree = "<group>"; };
		93BBBCC227A70CAB00363E90 /* iconRed-60@2x.png */ = {isa = PBXFileReference; lastKnownFileType = image.png; path = "iconRed-60@2x.png"; sourceTree = "<group>"; };
		93BBBCC327A70CAC00363E90 /* iconRed-83.5@2x.png */ = {isa = PBXFileReference; lastKnownFileType = image.png; path = "iconRed-83.5@2x.png"; sourceTree = "<group>"; };
		93BBBCC427A70CAC00363E90 /* iconRed-small@2x.png */ = {isa = PBXFileReference; lastKnownFileType = image.png; path = "iconRed-small@2x.png"; sourceTree = "<group>"; };
		93BBBCC527A70CAC00363E90 /* iconRed-72@2x.png */ = {isa = PBXFileReference; lastKnownFileType = image.png; path = "iconRed-72@2x.png"; sourceTree = "<group>"; };
		93BBBCD827A70E5A00363E90 /* iconPurple@2x.png */ = {isa = PBXFileReference; lastKnownFileType = image.png; path = "iconPurple@2x.png"; sourceTree = "<group>"; };
		93BBBCD927A70E5A00363E90 /* iconPurple-60@2x.png */ = {isa = PBXFileReference; lastKnownFileType = image.png; path = "iconPurple-60@2x.png"; sourceTree = "<group>"; };
		93BBBCDA27A70E5B00363E90 /* iconPurple-83.5@2x.png */ = {isa = PBXFileReference; lastKnownFileType = image.png; path = "iconPurple-83.5@2x.png"; sourceTree = "<group>"; };
		93BBBCDB27A70E5B00363E90 /* iconPurple-40@3x.png */ = {isa = PBXFileReference; lastKnownFileType = image.png; path = "iconPurple-40@3x.png"; sourceTree = "<group>"; };
		93BBBCDC27A70E5B00363E90 /* iconPurple-72@2x.png */ = {isa = PBXFileReference; lastKnownFileType = image.png; path = "iconPurple-72@2x.png"; sourceTree = "<group>"; };
		93BBBCDD27A70E5B00363E90 /* iconPurple.png */ = {isa = PBXFileReference; lastKnownFileType = image.png; path = iconPurple.png; sourceTree = "<group>"; };
		93BBBCDE27A70E5B00363E90 /* iconPurple-small-50@2x.png */ = {isa = PBXFileReference; lastKnownFileType = image.png; path = "iconPurple-small-50@2x.png"; sourceTree = "<group>"; };
		93BBBCDF27A70E5C00363E90 /* iconPurple-40.png */ = {isa = PBXFileReference; lastKnownFileType = image.png; path = "iconPurple-40.png"; sourceTree = "<group>"; };
		93BBBCE027A70E5C00363E90 /* iconPurple-small@2x.png */ = {isa = PBXFileReference; lastKnownFileType = image.png; path = "iconPurple-small@2x.png"; sourceTree = "<group>"; };
		93BBBCE127A70E5C00363E90 /* iconPurple-76.png */ = {isa = PBXFileReference; lastKnownFileType = image.png; path = "iconPurple-76.png"; sourceTree = "<group>"; };
		93BBBCE227A70E5C00363E90 /* iconPurple-72.png */ = {isa = PBXFileReference; lastKnownFileType = image.png; path = "iconPurple-72.png"; sourceTree = "<group>"; };
		93BBBCE327A70E5D00363E90 /* iconPurple-60@3x.png */ = {isa = PBXFileReference; lastKnownFileType = image.png; path = "iconPurple-60@3x.png"; sourceTree = "<group>"; };
		93BBBCE427A70E5D00363E90 /* iconPurple-small@3x.png */ = {isa = PBXFileReference; lastKnownFileType = image.png; path = "iconPurple-small@3x.png"; sourceTree = "<group>"; };
		93BBBCE527A70E5D00363E90 /* iconPurple-small-50.png */ = {isa = PBXFileReference; lastKnownFileType = image.png; path = "iconPurple-small-50.png"; sourceTree = "<group>"; };
		93BBBCE627A70E5D00363E90 /* iconPurple-40@2x.png */ = {isa = PBXFileReference; lastKnownFileType = image.png; path = "iconPurple-40@2x.png"; sourceTree = "<group>"; };
		93BBBCE727A70E5E00363E90 /* iconPurple-small.png */ = {isa = PBXFileReference; lastKnownFileType = image.png; path = "iconPurple-small.png"; sourceTree = "<group>"; };
		93BBBCE827A70E5E00363E90 /* iconPurple-76@2x.png */ = {isa = PBXFileReference; lastKnownFileType = image.png; path = "iconPurple-76@2x.png"; sourceTree = "<group>"; };
		93BBBCFA27A71A1A00363E90 /* CostumeIconsButton.swift */ = {isa = PBXFileReference; lastKnownFileType = sourcecode.swift; path = CostumeIconsButton.swift; sourceTree = "<group>"; };
		93BBBD1F27A7ADC800363E90 /* iconBlack-40@3x.png */ = {isa = PBXFileReference; lastKnownFileType = image.png; path = "iconBlack-40@3x.png"; sourceTree = "<group>"; };
		93BBBD2027A7ADC800363E90 /* iconBlack-small.png */ = {isa = PBXFileReference; lastKnownFileType = image.png; path = "iconBlack-small.png"; sourceTree = "<group>"; };
		93BBBD2127A7ADC800363E90 /* iconBlack-small@3x.png */ = {isa = PBXFileReference; lastKnownFileType = image.png; path = "iconBlack-small@3x.png"; sourceTree = "<group>"; };
		93BBBD2227A7ADC800363E90 /* iconBlack-40.png */ = {isa = PBXFileReference; lastKnownFileType = image.png; path = "iconBlack-40.png"; sourceTree = "<group>"; };
		93BBBD2327A7ADC800363E90 /* iconBlack-76@2x.png */ = {isa = PBXFileReference; lastKnownFileType = image.png; path = "iconBlack-76@2x.png"; sourceTree = "<group>"; };
		93BBBD2427A7ADC800363E90 /* iconBlack-72.png */ = {isa = PBXFileReference; lastKnownFileType = image.png; path = "iconBlack-72.png"; sourceTree = "<group>"; };
		93BBBD2527A7ADC900363E90 /* iconBlack.png */ = {isa = PBXFileReference; lastKnownFileType = image.png; path = iconBlack.png; sourceTree = "<group>"; };
		93BBBD2627A7ADC900363E90 /* iconBlack@2x.png */ = {isa = PBXFileReference; lastKnownFileType = image.png; path = "iconBlack@2x.png"; sourceTree = "<group>"; };
		93BBBD2727A7ADC900363E90 /* iconBlack-small-50.png */ = {isa = PBXFileReference; lastKnownFileType = image.png; path = "iconBlack-small-50.png"; sourceTree = "<group>"; };
		93BBBD2827A7ADC900363E90 /* iconBlack-76.png */ = {isa = PBXFileReference; lastKnownFileType = image.png; path = "iconBlack-76.png"; sourceTree = "<group>"; };
		93BBBD2927A7ADC900363E90 /* iconBlack-40@2x.png */ = {isa = PBXFileReference; lastKnownFileType = image.png; path = "iconBlack-40@2x.png"; sourceTree = "<group>"; };
		93BBBD2A27A7ADCA00363E90 /* iconBlack-72@2x.png */ = {isa = PBXFileReference; lastKnownFileType = image.png; path = "iconBlack-72@2x.png"; sourceTree = "<group>"; };
		93BBBD2B27A7ADCA00363E90 /* iconBlack-small-50@2x.png */ = {isa = PBXFileReference; lastKnownFileType = image.png; path = "iconBlack-small-50@2x.png"; sourceTree = "<group>"; };
		93BBBD2C27A7ADCA00363E90 /* iconBlack-small@2x.png */ = {isa = PBXFileReference; lastKnownFileType = image.png; path = "iconBlack-small@2x.png"; sourceTree = "<group>"; };
		93BBBD2D27A7ADCA00363E90 /* iconBlack-60@2x.png */ = {isa = PBXFileReference; lastKnownFileType = image.png; path = "iconBlack-60@2x.png"; sourceTree = "<group>"; };
		93BBBD2E27A7ADCA00363E90 /* iconBlack-60@3x.png */ = {isa = PBXFileReference; lastKnownFileType = image.png; path = "iconBlack-60@3x.png"; sourceTree = "<group>"; };
		93BBBD2F27A7ADCB00363E90 /* iconBlack-83.5@2x.png */ = {isa = PBXFileReference; lastKnownFileType = image.png; path = "iconBlack-83.5@2x.png"; sourceTree = "<group>"; };
		93BDB9C62748D44900E4B928 /* CostumQuoteLebel.swift */ = {isa = PBXFileReference; lastKnownFileType = sourcecode.swift; path = CostumQuoteLebel.swift; sourceTree = "<group>"; };
		93BDB9C92748DDF100E4B928 /* Constants.swift */ = {isa = PBXFileReference; lastKnownFileType = sourcecode.swift; path = Constants.swift; sourceTree = "<group>"; };
		93BF896D2745A05700EF386A /* iQuote.app */ = {isa = PBXFileReference; explicitFileType = wrapper.application; includeInIndex = 0; path = iQuote.app; sourceTree = BUILT_PRODUCTS_DIR; };
		93BF89702745A05700EF386A /* AppDelegate.swift */ = {isa = PBXFileReference; lastKnownFileType = sourcecode.swift; path = AppDelegate.swift; sourceTree = "<group>"; };
		93BF89722745A05700EF386A /* SceneDelegate.swift */ = {isa = PBXFileReference; lastKnownFileType = sourcecode.swift; path = SceneDelegate.swift; sourceTree = "<group>"; };
		93BF89792745A05A00EF386A /* Assets.xcassets */ = {isa = PBXFileReference; lastKnownFileType = folder.assetcatalog; path = Assets.xcassets; sourceTree = "<group>"; };
		93BF897C2745A05A00EF386A /* Base */ = {isa = PBXFileReference; lastKnownFileType = file.storyboard; name = Base; path = Base.lproj/LaunchScreen.storyboard; sourceTree = "<group>"; };
		93BF897E2745A05A00EF386A /* Info.plist */ = {isa = PBXFileReference; lastKnownFileType = text.plist.xml; path = Info.plist; sourceTree = "<group>"; };
		93BF89832745A05A00EF386A /* iQuoteTests.xctest */ = {isa = PBXFileReference; explicitFileType = wrapper.cfbundle; includeInIndex = 0; path = iQuoteTests.xctest; sourceTree = BUILT_PRODUCTS_DIR; };
		93BF89872745A05A00EF386A /* iQuoteTests.swift */ = {isa = PBXFileReference; lastKnownFileType = sourcecode.swift; path = iQuoteTests.swift; sourceTree = "<group>"; };
		93BF898D2745A05A00EF386A /* iQuoteUITests.xctest */ = {isa = PBXFileReference; explicitFileType = wrapper.cfbundle; includeInIndex = 0; path = iQuoteUITests.xctest; sourceTree = BUILT_PRODUCTS_DIR; };
		93BF89912745A05A00EF386A /* iQuoteUITests.swift */ = {isa = PBXFileReference; lastKnownFileType = sourcecode.swift; path = iQuoteUITests.swift; sourceTree = "<group>"; };
		93BF89932745A05A00EF386A /* iQuoteUITestsLaunchTests.swift */ = {isa = PBXFileReference; lastKnownFileType = sourcecode.swift; path = iQuoteUITestsLaunchTests.swift; sourceTree = "<group>"; };
		93BF89A02745A3B400EF386A /* MainViewController.swift */ = {isa = PBXFileReference; lastKnownFileType = sourcecode.swift; path = MainViewController.swift; sourceTree = "<group>"; };
		93BF89A62746220E00EF386A /* UIColor+Ext.swift */ = {isa = PBXFileReference; lastKnownFileType = sourcecode.swift; path = "UIColor+Ext.swift"; sourceTree = "<group>"; };
		93C10640278C170D00E4CAF8 /* EmptyAuthorView2.swift */ = {isa = PBXFileReference; lastKnownFileType = sourcecode.swift; path = EmptyAuthorView2.swift; sourceTree = "<group>"; };
		93C2564C276B57C300AACB94 /* InstagramViewController.swift */ = {isa = PBXFileReference; lastKnownFileType = sourcecode.swift; path = InstagramViewController.swift; sourceTree = "<group>"; };
		93C2564E276B5E5400AACB94 /* FacebookViewController.swift */ = {isa = PBXFileReference; lastKnownFileType = sourcecode.swift; path = FacebookViewController.swift; sourceTree = "<group>"; };
		93C25650276B60E000AACB94 /* TwiterViewController.swift */ = {isa = PBXFileReference; lastKnownFileType = sourcecode.swift; path = TwiterViewController.swift; sourceTree = "<group>"; };
		93C25652276B60EE00AACB94 /* LinkedInViewController.swift */ = {isa = PBXFileReference; lastKnownFileType = sourcecode.swift; path = LinkedInViewController.swift; sourceTree = "<group>"; };
		93C3CFE12761E0F3009CD963 /* ImageVC.swift */ = {isa = PBXFileReference; lastKnownFileType = sourcecode.swift; path = ImageVC.swift; sourceTree = "<group>"; };
		93C3CFE82761EED0009CD963 /* TextConfigurationVC.swift */ = {isa = PBXFileReference; lastKnownFileType = sourcecode.swift; path = TextConfigurationVC.swift; sourceTree = "<group>"; };
		93CE1CDA274ACB0D004FD559 /* NavigationViewController.swift */ = {isa = PBXFileReference; lastKnownFileType = sourcecode.swift; path = NavigationViewController.swift; sourceTree = "<group>"; };
		93CE1CDD274ACC0A004FD559 /* CostumQuoteButton.swift */ = {isa = PBXFileReference; lastKnownFileType = sourcecode.swift; path = CostumQuoteButton.swift; sourceTree = "<group>"; };
		93D2289A276C649400D6AC18 /* ConstantsSettings.swift */ = {isa = PBXFileReference; lastKnownFileType = sourcecode.swift; path = ConstantsSettings.swift; sourceTree = "<group>"; };
		93D2289C276C64F500D6AC18 /* SettingsModel.swift */ = {isa = PBXFileReference; lastKnownFileType = sourcecode.swift; path = SettingsModel.swift; sourceTree = "<group>"; };
		93D228A2276C666300D6AC18 /* SideMenuViewController.swift */ = {isa = PBXFileReference; lastKnownFileType = sourcecode.swift; path = SideMenuViewController.swift; sourceTree = "<group>"; };
		93D228A4276C66C300D6AC18 /* CostumTitleLabel.swift */ = {isa = PBXFileReference; lastKnownFileType = sourcecode.swift; path = CostumTitleLabel.swift; sourceTree = "<group>"; };
		93D228A6276C66F700D6AC18 /* SettingsTableViewCell.swift */ = {isa = PBXFileReference; lastKnownFileType = sourcecode.swift; path = SettingsTableViewCell.swift; sourceTree = "<group>"; };
		93D228A8276C6D3600D6AC18 /* AppVersionViewController.swift */ = {isa = PBXFileReference; lastKnownFileType = sourcecode.swift; path = AppVersionViewController.swift; sourceTree = "<group>"; };
		93E1CE31274FF73B0089ECF1 /* CostumTransButton.swift */ = {isa = PBXFileReference; lastKnownFileType = sourcecode.swift; path = CostumTransButton.swift; sourceTree = "<group>"; };
		93ECBB5A2768603D00E1BB67 /* NSNotification+Ext.swift */ = {isa = PBXFileReference; lastKnownFileType = sourcecode.swift; path = "NSNotification+Ext.swift"; sourceTree = "<group>"; };
		93EE8CFF274A4BB1000A8964 /* AuthorImageView.swift */ = {isa = PBXFileReference; lastKnownFileType = sourcecode.swift; path = AuthorImageView.swift; sourceTree = "<group>"; };
		93EE8D01274A4E7C000A8964 /* CostumAuthorLabel.swift */ = {isa = PBXFileReference; lastKnownFileType = sourcecode.swift; path = CostumAuthorLabel.swift; sourceTree = "<group>"; };
		93F6B8C427465EA5005181C0 /* QuoteViewController.swift */ = {isa = PBXFileReference; lastKnownFileType = sourcecode.swift; path = QuoteViewController.swift; sourceTree = "<group>"; };
		93FAA46E2791AFE10022BF2F /* CancleButton.swift */ = {isa = PBXFileReference; lastKnownFileType = sourcecode.swift; path = CancleButton.swift; sourceTree = "<group>"; };
		93FF7C062746BA5100064E83 /* CostumBackground.swift */ = {isa = PBXFileReference; lastKnownFileType = sourcecode.swift; path = CostumBackground.swift; sourceTree = "<group>"; };
		93FF7C082746BE4700064E83 /* UIView+Ext.swift */ = {isa = PBXFileReference; lastKnownFileType = sourcecode.swift; path = "UIView+Ext.swift"; sourceTree = "<group>"; };
/* End PBXFileReference section */

/* Begin PBXFrameworksBuildPhase section */
		93BF896A2745A05700EF386A /* Frameworks */ = {
			isa = PBXFrameworksBuildPhase;
			buildActionMask = 2147483647;
			files = (
				939AC1F4276BEA0D001E7FA2 /* FacebookShare in Frameworks */,
				93D228A0276C662300D6AC18 /* SideMenu in Frameworks */,
				939AD04D27692EFB00F73FFE /* IQKeyboardManagerSwift in Frameworks */,
			);
			runOnlyForDeploymentPostprocessing = 0;
		};
		93BF89802745A05A00EF386A /* Frameworks */ = {
			isa = PBXFrameworksBuildPhase;
			buildActionMask = 2147483647;
			files = (
			);
			runOnlyForDeploymentPostprocessing = 0;
		};
		93BF898A2745A05A00EF386A /* Frameworks */ = {
			isa = PBXFrameworksBuildPhase;
			buildActionMask = 2147483647;
			files = (
			);
			runOnlyForDeploymentPostprocessing = 0;
		};
/* End PBXFrameworksBuildPhase section */

/* Begin PBXGroup section */
		9305BA06275760B7003E91F7 /* Cell */ = {
			isa = PBXGroup;
			children = (
				9305BA07275760CB003E91F7 /* FavoritesTableViewCell.swift */,
				93A59881275CA77500FCC32B /* CollectionCellmageView.swift */,
				93A59883275CA7CE00FCC32B /* CollectionCell.swift */,
				93D228A6276C66F700D6AC18 /* SettingsTableViewCell.swift */,
			);
			path = Cell;
			sourceTree = "<group>";
		};
		932AEFEA277586B700211869 /* PhotoLab */ = {
			isa = PBXGroup;
			children = (
				93A5987F275CA67300FCC32B /* UnsplashCollectionVC.swift */,
			);
			path = PhotoLab;
			sourceTree = "<group>";
		};
		932BF741278960E00090F29A /* ShareConfiguration */ = {
			isa = PBXGroup;
			children = (
			);
			path = ShareConfiguration;
			sourceTree = "<group>";
		};
		9399B1C62763CA5A0035021E /* SocialConfigurationVC */ = {
			isa = PBXGroup;
			children = (
				93C2564C276B57C300AACB94 /* InstagramViewController.swift */,
				93C2564E276B5E5400AACB94 /* FacebookViewController.swift */,
				93C25650276B60E000AACB94 /* TwiterViewController.swift */,
				93C25652276B60EE00AACB94 /* LinkedInViewController.swift */,
			);
			path = SocialConfigurationVC;
			sourceTree = "<group>";
		};
		939A3A342754AF3E0079DF97 /* View */ = {
			isa = PBXGroup;
			children = (
				939A3A352754AF500079DF97 /* EmptyAuthorView.swift */,
				93C10640278C170D00E4CAF8 /* EmptyAuthorView2.swift */,
				9305BA0427575FCF003E91F7 /* SwipeLine.swift */,
				9376472B279027B200A5B4E9 /* BottomLine.swift */,
			);
			path = View;
			sourceTree = "<group>";
		};
		939A3A392754FC390079DF97 /* AlertView */ = {
			isa = PBXGroup;
			children = (
				939A3A3A2754FC680079DF97 /* AlertViewController.swift */,
			);
			path = AlertView;
			sourceTree = "<group>";
		};
		939AD0462768D6B500F73FFE /* TextFields */ = {
			isa = PBXGroup;
			children = (
				939AD0472768D6F600F73FFE /* ImageSearchTF.swift */,
			);
			path = TextFields;
			sourceTree = "<group>";
		};
		93A064F2278FFC020099412D /* Fonts */ = {
			isa = PBXGroup;
			children = (
				93A064FC278FFC220099412D /* Roboto-Black.ttf */,
				93A064F4278FFC210099412D /* Roboto-BlackItalic.ttf */,
				93A064F6278FFC210099412D /* Roboto-Bold.ttf */,
				93A064F5278FFC210099412D /* Roboto-BoldItalic.ttf */,
				93A064FA278FFC220099412D /* Roboto-Italic.ttf */,
				93A064FE278FFC220099412D /* Roboto-Light.ttf */,
				93A064F8278FFC210099412D /* Roboto-LightItalic.ttf */,
				93A064F3278FFC210099412D /* Roboto-Medium.ttf */,
				93A064F7278FFC210099412D /* Roboto-MediumItalic.ttf */,
				93A064FD278FFC220099412D /* Roboto-Regular.ttf */,
				93A064F9278FFC220099412D /* Roboto-Thin.ttf */,
				93A064FB278FFC220099412D /* Roboto-ThinItalic.ttf */,
			);
			path = Fonts;
			sourceTree = "<group>";
		};
		93A9FB5127536D5F00442A91 /* Manager */ = {
			isa = PBXGroup;
			children = (
				93A9FB5227536D7000442A91 /* NetwokManager.swift */,
				9305BA002757570F003E91F7 /* PersistenceManager.swift */,
				93A064F0278ED46C0099412D /* UserDefManager.swift */,
				9377028C277E146100BF0AC4 /* InstagramManager.swift */,
			);
			path = Manager;
			sourceTree = "<group>";
		};
		93B4ED01275B36B400C6E5E9 /* MainVC */ = {
			isa = PBXGroup;
			children = (
				93F6B8C427465EA5005181C0 /* QuoteViewController.swift */,
				93761BA5274A2D8300DF12B6 /* AuthorViewController.swift */,
				93CE1CDA274ACB0D004FD559 /* NavigationViewController.swift */,
			);
			path = MainVC;
			sourceTree = "<group>";
		};
		93B4ED02275B36E100C6E5E9 /* ExportVC */ = {
			isa = PBXGroup;
			children = (
				93C3CFE12761E0F3009CD963 /* ImageVC.swift */,
				93B4ED07275B3BB700C6E5E9 /* ImageConfigurationVC.swift */,
				93C3CFE72761EE85009CD963 /* ImageConfiguration */,
				932BF73F278960020090F29A /* ShareViewController.swift */,
				932BF741278960E00090F29A /* ShareConfiguration */,
				93B4ED03275B388D00C6E5E9 /* SocialViewController.swift */,
				9399B1C62763CA5A0035021E /* SocialConfigurationVC */,
			);
			path = ExportVC;
			sourceTree = "<group>";
		};
		93BBBBD327A5EB9B00363E90 /* iQuote.Icons */ = {
			isa = PBXGroup;
			children = (
				93BBBCFC27A728CD00363E90 /* BlackAppIcon */,
				93BBBCD727A70CB500363E90 /* PurpleAppIcon */,
				93BBBC4627A7043800363E90 /* BlueAppIcon */,
				93BBBC4727A7048200363E90 /* RedAppIcon */,
			);
			path = iQuote.Icons;
			sourceTree = "<group>";
		};
		93BBBC4627A7043800363E90 /* BlueAppIcon */ = {
			isa = PBXGroup;
			children = (
				93BBBC9627A70A2E00363E90 /* iconBlue-40.png */,
				93BBBC9C27A70A2E00363E90 /* iconBlue-40@2x.png */,
				93BBBC9B27A70A2E00363E90 /* iconBlue-40@3x.png */,
				93BBBCA327A70A2F00363E90 /* iconBlue-60@2x.png */,
				93BBBCA127A70A2F00363E90 /* iconBlue-60@3x.png */,
				93BBBC9927A70A2E00363E90 /* iconBlue-72.png */,
				93BBBC9827A70A2E00363E90 /* iconBlue-72@2x.png */,
				93BBBC9327A70A2D00363E90 /* iconBlue-76.png */,
				93BBBC9D27A70A2E00363E90 /* iconBlue-76@2x.png */,
				93BBBC9E27A70A2F00363E90 /* iconBlue-83.5@2x.png */,
				93BBBC9F27A70A2F00363E90 /* iconBlue-small-50.png */,
				93BBBCA027A70A2F00363E90 /* iconBlue-small-50@2x.png */,
				93BBBC9427A70A2D00363E90 /* iconBlue-small.png */,
				93BBBCA227A70A2F00363E90 /* iconBlue-small@2x.png */,
				93BBBC9527A70A2E00363E90 /* iconBlue-small@3x.png */,
				93BBBC9A27A70A2E00363E90 /* iconBlue.png */,
				93BBBC9727A70A2E00363E90 /* iconBlue@2x.png */,
			);
			path = BlueAppIcon;
			sourceTree = "<group>";
		};
		93BBBC4727A7048200363E90 /* RedAppIcon */ = {
			isa = PBXGroup;
			children = (
				93BBBCBB27A70CAA00363E90 /* iconRed-40.png */,
				93BBBCBA27A70CAA00363E90 /* iconRed-40@2x.png */,
				93BBBCBD27A70CAB00363E90 /* iconRed-40@3x.png */,
				93BBBCC227A70CAB00363E90 /* iconRed-60@2x.png */,
				93BBBCB727A70CAA00363E90 /* iconRed-60@3x.png */,
				93BBBCB627A70CA900363E90 /* iconRed-72.png */,
				93BBBCC527A70CAC00363E90 /* iconRed-72@2x.png */,
				93BBBCC027A70CAB00363E90 /* iconRed-76.png */,
				93BBBCC127A70CAB00363E90 /* iconRed-76@2x.png */,
				93BBBCC327A70CAC00363E90 /* iconRed-83.5@2x.png */,
				93BBBCB527A70CA900363E90 /* iconRed-small-50.png */,
				93BBBCBC27A70CAA00363E90 /* iconRed-small-50@2x.png */,
				93BBBCB927A70CAA00363E90 /* iconRed-small.png */,
				93BBBCC427A70CAC00363E90 /* iconRed-small@2x.png */,
				93BBBCBE27A70CAB00363E90 /* iconRed-small@3x.png */,
				93BBBCB827A70CAA00363E90 /* iconRed.png */,
				93BBBCBF27A70CAB00363E90 /* iconRed@2x.png */,
			);
			path = RedAppIcon;
			sourceTree = "<group>";
		};
		93BBBCD727A70CB500363E90 /* PurpleAppIcon */ = {
			isa = PBXGroup;
			children = (
				93BBBCDF27A70E5C00363E90 /* iconPurple-40.png */,
				93BBBCE627A70E5D00363E90 /* iconPurple-40@2x.png */,
				93BBBCDB27A70E5B00363E90 /* iconPurple-40@3x.png */,
				93BBBCD927A70E5A00363E90 /* iconPurple-60@2x.png */,
				93BBBCE327A70E5D00363E90 /* iconPurple-60@3x.png */,
				93BBBCE227A70E5C00363E90 /* iconPurple-72.png */,
				93BBBCDC27A70E5B00363E90 /* iconPurple-72@2x.png */,
				93BBBCE127A70E5C00363E90 /* iconPurple-76.png */,
				93BBBCE827A70E5E00363E90 /* iconPurple-76@2x.png */,
				93BBBCDA27A70E5B00363E90 /* iconPurple-83.5@2x.png */,
				93BBBCE527A70E5D00363E90 /* iconPurple-small-50.png */,
				93BBBCDE27A70E5B00363E90 /* iconPurple-small-50@2x.png */,
				93BBBCE727A70E5E00363E90 /* iconPurple-small.png */,
				93BBBCE027A70E5C00363E90 /* iconPurple-small@2x.png */,
				93BBBCE427A70E5D00363E90 /* iconPurple-small@3x.png */,
				93BBBCDD27A70E5B00363E90 /* iconPurple.png */,
				93BBBCD827A70E5A00363E90 /* iconPurple@2x.png */,
			);
			path = PurpleAppIcon;
			sourceTree = "<group>";
		};
		93BBBCFC27A728CD00363E90 /* BlackAppIcon */ = {
			isa = PBXGroup;
			children = (
				93BBBD2227A7ADC800363E90 /* iconBlack-40.png */,
				93BBBD2927A7ADC900363E90 /* iconBlack-40@2x.png */,
				93BBBD1F27A7ADC800363E90 /* iconBlack-40@3x.png */,
				93BBBD2D27A7ADCA00363E90 /* iconBlack-60@2x.png */,
				93BBBD2E27A7ADCA00363E90 /* iconBlack-60@3x.png */,
				93BBBD2427A7ADC800363E90 /* iconBlack-72.png */,
				93BBBD2A27A7ADCA00363E90 /* iconBlack-72@2x.png */,
				93BBBD2827A7ADC900363E90 /* iconBlack-76.png */,
				93BBBD2327A7ADC800363E90 /* iconBlack-76@2x.png */,
				93BBBD2F27A7ADCB00363E90 /* iconBlack-83.5@2x.png */,
				93BBBD2727A7ADC900363E90 /* iconBlack-small-50.png */,
				93BBBD2B27A7ADCA00363E90 /* iconBlack-small-50@2x.png */,
				93BBBD2027A7ADC800363E90 /* iconBlack-small.png */,
				93BBBD2C27A7ADCA00363E90 /* iconBlack-small@2x.png */,
				93BBBD2127A7ADC800363E90 /* iconBlack-small@3x.png */,
				93BBBD2527A7ADC900363E90 /* iconBlack.png */,
				93BBBD2627A7ADC900363E90 /* iconBlack@2x.png */,
			);
			path = BlackAppIcon;
			sourceTree = "<group>";
		};
		93BDB9C52748D43800E4B928 /* UILabel */ = {
			isa = PBXGroup;
			children = (
				9305BA092757D696003E91F7 /* CellQuoteLabel.swift */,
				9305BA0B2757D6DB003E91F7 /* CellAuthorLabel.swift */,
				93BDB9C62748D44900E4B928 /* CostumQuoteLebel.swift */,
				93EE8D01274A4E7C000A8964 /* CostumAuthorLabel.swift */,
				93D228A4276C66C300D6AC18 /* CostumTitleLabel.swift */,
			);
			path = UILabel;
			sourceTree = "<group>";
		};
		93BDB9C82748DDDA00E4B928 /* Utilitis */ = {
			isa = PBXGroup;
			children = (
				93BDB9C92748DDF100E4B928 /* Constants.swift */,
				93A9FB5627536F5600442A91 /* ErrorMasasge.swift */,
				93D2289A276C649400D6AC18 /* ConstantsSettings.swift */,
			);
			path = Utilitis;
			sourceTree = "<group>";
		};
		93BF89642745A05700EF386A = {
			isa = PBXGroup;
			children = (
				93BF896F2745A05700EF386A /* iQuote */,
				93BF89862745A05A00EF386A /* iQuoteTests */,
				93BF89902745A05A00EF386A /* iQuoteUITests */,
				93BF896E2745A05700EF386A /* Products */,
			);
			sourceTree = "<group>";
		};
		93BF896E2745A05700EF386A /* Products */ = {
			isa = PBXGroup;
			children = (
				93BF896D2745A05700EF386A /* iQuote.app */,
				93BF89832745A05A00EF386A /* iQuoteTests.xctest */,
				93BF898D2745A05A00EF386A /* iQuoteUITests.xctest */,
			);
			name = Products;
			sourceTree = "<group>";
		};
		93BF896F2745A05700EF386A /* iQuote */ = {
			isa = PBXGroup;
			children = (
				93BF89702745A05700EF386A /* AppDelegate.swift */,
				93BF89722745A05700EF386A /* SceneDelegate.swift */,
				93BDB9C82748DDDA00E4B928 /* Utilitis */,
				93BF89A52745A54900EF386A /* Extensions */,
				93A9FB5127536D5F00442A91 /* Manager */,
				93BF89A22745A51700EF386A /* Model */,
				93BF89A32745A52200EF386A /* View */,
				93BF89A42745A52800EF386A /* Controller */,
				93BF89792745A05A00EF386A /* Assets.xcassets */,
				93BBBBD327A5EB9B00363E90 /* iQuote.Icons */,
				93A064F2278FFC020099412D /* Fonts */,
				93BF897B2745A05A00EF386A /* LaunchScreen.storyboard */,
				93BF897E2745A05A00EF386A /* Info.plist */,
			);
			path = iQuote;
			sourceTree = "<group>";
		};
		93BF89862745A05A00EF386A /* iQuoteTests */ = {
			isa = PBXGroup;
			children = (
				93BF89872745A05A00EF386A /* iQuoteTests.swift */,
			);
			path = iQuoteTests;
			sourceTree = "<group>";
		};
		93BF89902745A05A00EF386A /* iQuoteUITests */ = {
			isa = PBXGroup;
			children = (
				93BF89912745A05A00EF386A /* iQuoteUITests.swift */,
				93BF89932745A05A00EF386A /* iQuoteUITestsLaunchTests.swift */,
			);
			path = iQuoteUITests;
			sourceTree = "<group>";
		};
		93BF89A22745A51700EF386A /* Model */ = {
			isa = PBXGroup;
			children = (
				93A9FB5427536E5E00442A91 /* Quote.swift */,
				93A9FB582753F7B400442A91 /* Wikipedia.swift */,
				93A59885275CA8F800FCC32B /* Unsplash.swift */,
				93D2289C276C64F500D6AC18 /* SettingsModel.swift */,
			);
			path = Model;
			sourceTree = "<group>";
		};
		93BF89A32745A52200EF386A /* View */ = {
			isa = PBXGroup;
			children = (
				9305BA06275760B7003E91F7 /* Cell */,
				939A3A342754AF3E0079DF97 /* View */,
				939A3A392754FC390079DF97 /* AlertView */,
				93BDB9C52748D43800E4B928 /* UILabel */,
				93FF7C0A2746C02A00064E83 /* UIImageView */,
				939AD0462768D6B500F73FFE /* TextFields */,
				93CE1CDC274ACB78004FD559 /* UIButton */,
				93F6B8C327465E93005181C0 /* ViewControllers */,
			);
			path = View;
			sourceTree = "<group>";
		};
		93BF89A42745A52800EF386A /* Controller */ = {
			isa = PBXGroup;
			children = (
				93D228A1276C665400D6AC18 /* SideMenu */,
				93BF89A02745A3B400EF386A /* MainViewController.swift */,
				9305BA0227575D62003E91F7 /* FavoritesListViewController.swift */,
				93992733275AA60A00E95481 /* ExportViewController.swift */,
			);
			path = Controller;
			sourceTree = "<group>";
		};
		93BF89A52745A54900EF386A /* Extensions */ = {
			isa = PBXGroup;
			children = (
				93BF89A62746220E00EF386A /* UIColor+Ext.swift */,
				93FF7C082746BE4700064E83 /* UIView+Ext.swift */,
				939A3A372754CF010079DF97 /* UIViewController+Ext.swift */,
				93ECBB5A2768603D00E1BB67 /* NSNotification+Ext.swift */,
				939AD04927690F1000F73FFE /* UINavigationController +Ext.swift */,
			);
			path = Extensions;
			sourceTree = "<group>";
		};
		93C3CFE72761EE85009CD963 /* ImageConfiguration */ = {
			isa = PBXGroup;
			children = (
				939E4A2E278CA8AE00A9A0E2 /* PhotoViewController.swift */,
				932AEFEA277586B700211869 /* PhotoLab */,
				93C3CFE82761EED0009CD963 /* TextConfigurationVC.swift */,
				9399B1C72764823A0035021E /* GradientConfigurationVC.swift */,
				9376472D279034CB00A5B4E9 /* LogoForBackgroundVC.swift */,
			);
			path = ImageConfiguration;
			sourceTree = "<group>";
		};
		93CE1CDC274ACB78004FD559 /* UIButton */ = {
			isa = PBXGroup;
			children = (
				93CE1CDD274ACC0A004FD559 /* CostumQuoteButton.swift */,
				93E1CE31274FF73B0089ECF1 /* CostumTransButton.swift */,
				93B4ED05275B38E800C6E5E9 /* CostumeSocialButton.swift */,
				937647292790201C00A5B4E9 /* ActionButton.swift */,
				93FAA46E2791AFE10022BF2F /* CancleButton.swift */,
				93BBBCFA27A71A1A00363E90 /* CostumeIconsButton.swift */,
			);
			path = UIButton;
			sourceTree = "<group>";
		};
		93D228A1276C665400D6AC18 /* SideMenu */ = {
			isa = PBXGroup;
			children = (
				93D228A2276C666300D6AC18 /* SideMenuViewController.swift */,
				93D228A8276C6D3600D6AC18 /* AppVersionViewController.swift */,
				93BBBBDA27A5F2BA00363E90 /* MultipleAppIconsViewController.swift */,
			);
			path = SideMenu;
			sourceTree = "<group>";
		};
		93F6B8C327465E93005181C0 /* ViewControllers */ = {
			isa = PBXGroup;
			children = (
				93B4ED01275B36B400C6E5E9 /* MainVC */,
				93B4ED02275B36E100C6E5E9 /* ExportVC */,
			);
			path = ViewControllers;
			sourceTree = "<group>";
		};
		93FF7C0A2746C02A00064E83 /* UIImageView */ = {
			isa = PBXGroup;
			children = (
				93FF7C062746BA5100064E83 /* CostumBackground.swift */,
				93EE8CFF274A4BB1000A8964 /* AuthorImageView.swift */,
			);
			path = UIImageView;
			sourceTree = "<group>";
		};
/* End PBXGroup section */

/* Begin PBXNativeTarget section */
		93BF896C2745A05700EF386A /* iQuote */ = {
			isa = PBXNativeTarget;
			buildConfigurationList = 93BF89972745A05A00EF386A /* Build configuration list for PBXNativeTarget "iQuote" */;
			buildPhases = (
				93BF89692745A05700EF386A /* Sources */,
				93BF896A2745A05700EF386A /* Frameworks */,
				93BF896B2745A05700EF386A /* Resources */,
			);
			buildRules = (
			);
			dependencies = (
			);
			name = iQuote;
			packageProductDependencies = (
				939AD04C27692EFB00F73FFE /* IQKeyboardManagerSwift */,
				939AC1F3276BEA0D001E7FA2 /* FacebookShare */,
				93D2289F276C662300D6AC18 /* SideMenu */,
			);
			productName = iQuote;
			productReference = 93BF896D2745A05700EF386A /* iQuote.app */;
			productType = "com.apple.product-type.application";
		};
		93BF89822745A05A00EF386A /* iQuoteTests */ = {
			isa = PBXNativeTarget;
			buildConfigurationList = 93BF899A2745A05A00EF386A /* Build configuration list for PBXNativeTarget "iQuoteTests" */;
			buildPhases = (
				93BF897F2745A05A00EF386A /* Sources */,
				93BF89802745A05A00EF386A /* Frameworks */,
				93BF89812745A05A00EF386A /* Resources */,
			);
			buildRules = (
			);
			dependencies = (
				93BF89852745A05A00EF386A /* PBXTargetDependency */,
			);
			name = iQuoteTests;
			productName = iQuoteTests;
			productReference = 93BF89832745A05A00EF386A /* iQuoteTests.xctest */;
			productType = "com.apple.product-type.bundle.unit-test";
		};
		93BF898C2745A05A00EF386A /* iQuoteUITests */ = {
			isa = PBXNativeTarget;
			buildConfigurationList = 93BF899D2745A05A00EF386A /* Build configuration list for PBXNativeTarget "iQuoteUITests" */;
			buildPhases = (
				93BF89892745A05A00EF386A /* Sources */,
				93BF898A2745A05A00EF386A /* Frameworks */,
				93BF898B2745A05A00EF386A /* Resources */,
			);
			buildRules = (
			);
			dependencies = (
				93BF898F2745A05A00EF386A /* PBXTargetDependency */,
			);
			name = iQuoteUITests;
			productName = iQuoteUITests;
			productReference = 93BF898D2745A05A00EF386A /* iQuoteUITests.xctest */;
			productType = "com.apple.product-type.bundle.ui-testing";
		};
/* End PBXNativeTarget section */

/* Begin PBXProject section */
		93BF89652745A05700EF386A /* Project object */ = {
			isa = PBXProject;
			attributes = {
				BuildIndependentTargetsInParallel = 1;
				LastSwiftUpdateCheck = 1310;
				LastUpgradeCheck = 1310;
				TargetAttributes = {
					93BF896C2745A05700EF386A = {
						CreatedOnToolsVersion = 13.1;
					};
					93BF89822745A05A00EF386A = {
						CreatedOnToolsVersion = 13.1;
						TestTargetID = 93BF896C2745A05700EF386A;
					};
					93BF898C2745A05A00EF386A = {
						CreatedOnToolsVersion = 13.1;
						TestTargetID = 93BF896C2745A05700EF386A;
					};
				};
			};
			buildConfigurationList = 93BF89682745A05700EF386A /* Build configuration list for PBXProject "iQuote" */;
			compatibilityVersion = "Xcode 13.0";
			developmentRegion = en;
			hasScannedForEncodings = 0;
			knownRegions = (
				en,
				Base,
			);
			mainGroup = 93BF89642745A05700EF386A;
			packageReferences = (
				939AD04B27692EFB00F73FFE /* XCRemoteSwiftPackageReference "IQKeyboardManager" */,
				939AC1F2276BEA0D001E7FA2 /* XCRemoteSwiftPackageReference "facebook-ios-sdk" */,
				93D2289E276C662300D6AC18 /* XCRemoteSwiftPackageReference "SideMenu" */,
			);
			productRefGroup = 93BF896E2745A05700EF386A /* Products */;
			projectDirPath = "";
			projectRoot = "";
			targets = (
				93BF896C2745A05700EF386A /* iQuote */,
				93BF89822745A05A00EF386A /* iQuoteTests */,
				93BF898C2745A05A00EF386A /* iQuoteUITests */,
			);
		};
/* End PBXProject section */

/* Begin PBXResourcesBuildPhase section */
		93BF896B2745A05700EF386A /* Resources */ = {
			isa = PBXResourcesBuildPhase;
			buildActionMask = 2147483647;
			files = (
				93BBBD3327A7ADCB00363E90 /* iconBlack-40.png in Resources */,
				93BBBCEC27A70E5E00363E90 /* iconPurple-40@3x.png in Resources */,
				93BBBCEB27A70E5E00363E90 /* iconPurple-83.5@2x.png in Resources */,
				93BF897D2745A05A00EF386A /* LaunchScreen.storyboard in Resources */,
				93BBBD3B27A7ADCB00363E90 /* iconBlack-72@2x.png in Resources */,
				93BBBCAF27A70A2F00363E90 /* iconBlue-83.5@2x.png in Resources */,
				93BBBD3227A7ADCB00363E90 /* iconBlack-small@3x.png in Resources */,
				93BBBCB127A70A2F00363E90 /* iconBlue-small-50@2x.png in Resources */,
				93BBBCD127A70CAC00363E90 /* iconRed-76.png in Resources */,
				93BBBD3F27A7ADCB00363E90 /* iconBlack-60@3x.png in Resources */,
				93BBBCF427A70E5E00363E90 /* iconPurple-60@3x.png in Resources */,
				93BBBCC627A70CAC00363E90 /* iconRed-small-50.png in Resources */,
				93BF897A2745A05A00EF386A /* Assets.xcassets in Resources */,
				93BBBCCD27A70CAC00363E90 /* iconRed-small-50@2x.png in Resources */,
				93BBBCB427A70A2F00363E90 /* iconBlue-60@2x.png in Resources */,
				93BBBCF527A70E5E00363E90 /* iconPurple-small@3x.png in Resources */,
				93BBBD3627A7ADCB00363E90 /* iconBlack.png in Resources */,
				93BBBD3527A7ADCB00363E90 /* iconBlack-72.png in Resources */,
				93BBBCD027A70CAC00363E90 /* iconRed@2x.png in Resources */,
				93BBBCF227A70E5E00363E90 /* iconPurple-76.png in Resources */,
				93A06504278FFC220099412D /* Roboto-LightItalic.ttf in Resources */,
				93BBBD4027A7ADCB00363E90 /* iconBlack-83.5@2x.png in Resources */,
				93A06507278FFC220099412D /* Roboto-ThinItalic.ttf in Resources */,
				93BBBCCC27A70CAC00363E90 /* iconRed-40.png in Resources */,
				93A0650A278FFC220099412D /* Roboto-Light.ttf in Resources */,
				93BBBCC927A70CAC00363E90 /* iconRed.png in Resources */,
				93BBBCB327A70A2F00363E90 /* iconBlue-small@2x.png in Resources */,
				93A06502278FFC220099412D /* Roboto-Bold.ttf in Resources */,
				93BBBCA927A70A2F00363E90 /* iconBlue-72@2x.png in Resources */,
				93BBBD3727A7ADCB00363E90 /* iconBlack@2x.png in Resources */,
				93A064FF278FFC220099412D /* Roboto-Medium.ttf in Resources */,
				93BBBCED27A70E5E00363E90 /* iconPurple-72@2x.png in Resources */,
				93BBBCA427A70A2F00363E90 /* iconBlue-76.png in Resources */,
				93BBBCF027A70E5E00363E90 /* iconPurple-40.png in Resources */,
				93BBBCAD27A70A2F00363E90 /* iconBlue-40@2x.png in Resources */,
				93BBBCB027A70A2F00363E90 /* iconBlue-small-50.png in Resources */,
				93BBBCF127A70E5E00363E90 /* iconPurple-small@2x.png in Resources */,
				93A06503278FFC220099412D /* Roboto-MediumItalic.ttf in Resources */,
				93BBBD3A27A7ADCB00363E90 /* iconBlack-40@2x.png in Resources */,
				93BBBCCE27A70CAC00363E90 /* iconRed-40@3x.png in Resources */,
				93BBBCF927A70E5E00363E90 /* iconPurple-76@2x.png in Resources */,
				93BBBD3027A7ADCB00363E90 /* iconBlack-40@3x.png in Resources */,
				93BBBCAE27A70A2F00363E90 /* iconBlue-76@2x.png in Resources */,
				93BBBD3927A7ADCB00363E90 /* iconBlack-76.png in Resources */,
				93A06501278FFC220099412D /* Roboto-BoldItalic.ttf in Resources */,
				93BBBCEE27A70E5E00363E90 /* iconPurple.png in Resources */,
				93BBBCD327A70CAC00363E90 /* iconRed-60@2x.png in Resources */,
				93BBBCF327A70E5E00363E90 /* iconPurple-72.png in Resources */,
				93BBBCE927A70E5E00363E90 /* iconPurple@2x.png in Resources */,
				93BBBCCB27A70CAC00363E90 /* iconRed-40@2x.png in Resources */,
				93BBBCB227A70A2F00363E90 /* iconBlue-60@3x.png in Resources */,
				93A06506278FFC220099412D /* Roboto-Italic.ttf in Resources */,
				93BBBD3827A7ADCB00363E90 /* iconBlack-small-50.png in Resources */,
				93BBBCD427A70CAC00363E90 /* iconRed-83.5@2x.png in Resources */,
				93BBBCD227A70CAC00363E90 /* iconRed-76@2x.png in Resources */,
				93BBBCCA27A70CAC00363E90 /* iconRed-small.png in Resources */,
				93BBBCEF27A70E5E00363E90 /* iconPurple-small-50@2x.png in Resources */,
				93BBBCCF27A70CAC00363E90 /* iconRed-small@3x.png in Resources */,
				93BBBCA827A70A2F00363E90 /* iconBlue@2x.png in Resources */,
				93BBBD3E27A7ADCB00363E90 /* iconBlack-60@2x.png in Resources */,
				93BBBCF827A70E5E00363E90 /* iconPurple-small.png in Resources */,
				93BBBCC827A70CAC00363E90 /* iconRed-60@3x.png in Resources */,
				93A06500278FFC220099412D /* Roboto-BlackItalic.ttf in Resources */,
				93BBBCA527A70A2F00363E90 /* iconBlue-small.png in Resources */,
				93A06509278FFC220099412D /* Roboto-Regular.ttf in Resources */,
				93A06505278FFC220099412D /* Roboto-Thin.ttf in Resources */,
				93A06508278FFC220099412D /* Roboto-Black.ttf in Resources */,
				93BBBCEA27A70E5E00363E90 /* iconPurple-60@2x.png in Resources */,
				93BBBCD627A70CAC00363E90 /* iconRed-72@2x.png in Resources */,
				93BBBCA727A70A2F00363E90 /* iconBlue-40.png in Resources */,
				93BBBCAA27A70A2F00363E90 /* iconBlue-72.png in Resources */,
				93BBBCF727A70E5E00363E90 /* iconPurple-40@2x.png in Resources */,
				93BBBD3427A7ADCB00363E90 /* iconBlack-76@2x.png in Resources */,
				93BBBCAB27A70A2F00363E90 /* iconBlue.png in Resources */,
				93BBBCA627A70A2F00363E90 /* iconBlue-small@3x.png in Resources */,
				93BBBCC727A70CAC00363E90 /* iconRed-72.png in Resources */,
				93BBBD3127A7ADCB00363E90 /* iconBlack-small.png in Resources */,
				93BBBD3D27A7ADCB00363E90 /* iconBlack-small@2x.png in Resources */,
				93BBBCF627A70E5E00363E90 /* iconPurple-small-50.png in Resources */,
				93BBBCD527A70CAC00363E90 /* iconRed-small@2x.png in Resources */,
				93BBBD3C27A7ADCB00363E90 /* iconBlack-small-50@2x.png in Resources */,
				93BBBCAC27A70A2F00363E90 /* iconBlue-40@3x.png in Resources */,
			);
			runOnlyForDeploymentPostprocessing = 0;
		};
		93BF89812745A05A00EF386A /* Resources */ = {
			isa = PBXResourcesBuildPhase;
			buildActionMask = 2147483647;
			files = (
			);
			runOnlyForDeploymentPostprocessing = 0;
		};
		93BF898B2745A05A00EF386A /* Resources */ = {
			isa = PBXResourcesBuildPhase;
			buildActionMask = 2147483647;
			files = (
			);
			runOnlyForDeploymentPostprocessing = 0;
		};
/* End PBXResourcesBuildPhase section */

/* Begin PBXSourcesBuildPhase section */
		93BF89692745A05700EF386A /* Sources */ = {
			isa = PBXSourcesBuildPhase;
			buildActionMask = 2147483647;
			files = (
				93D2289B276C649400D6AC18 /* ConstantsSettings.swift in Sources */,
				9305BA0527575FCF003E91F7 /* SwipeLine.swift in Sources */,
				93BF89A12745A3B400EF386A /* MainViewController.swift in Sources */,
				93A9FB5327536D7000442A91 /* NetwokManager.swift in Sources */,
				932BF740278960020090F29A /* ShareViewController.swift in Sources */,
				9399B1C82764823A0035021E /* GradientConfigurationVC.swift in Sources */,
				939A3A382754CF010079DF97 /* UIViewController+Ext.swift in Sources */,
				93A59884275CA7CE00FCC32B /* CollectionCell.swift in Sources */,
				93A59882275CA77500FCC32B /* CollectionCellmageView.swift in Sources */,
				93CE1CDB274ACB0D004FD559 /* NavigationViewController.swift in Sources */,
				93761BA6274A2D8300DF12B6 /* AuthorViewController.swift in Sources */,
				9376472E279034CC00A5B4E9 /* LogoForBackgroundVC.swift in Sources */,
				93CE1CDE274ACC0A004FD559 /* CostumQuoteButton.swift in Sources */,
				93D2289D276C64F500D6AC18 /* SettingsModel.swift in Sources */,
				93992734275AA60A00E95481 /* ExportViewController.swift in Sources */,
				9305BA0327575D62003E91F7 /* FavoritesListViewController.swift in Sources */,
				93C2564D276B57C300AACB94 /* InstagramViewController.swift in Sources */,
				93B4ED08275B3BB700C6E5E9 /* ImageConfigurationVC.swift in Sources */,
				93FAA46F2791AFE10022BF2F /* CancleButton.swift in Sources */,
				93BBBBDB27A5F2BA00363E90 /* MultipleAppIconsViewController.swift in Sources */,
				93BF89A72746220E00EF386A /* UIColor+Ext.swift in Sources */,
				93D228A7276C66F700D6AC18 /* SettingsTableViewCell.swift in Sources */,
				9305BA08275760CB003E91F7 /* FavoritesTableViewCell.swift in Sources */,
				9376472C279027B200A5B4E9 /* BottomLine.swift in Sources */,
				939A3A3B2754FC680079DF97 /* AlertViewController.swift in Sources */,
				93A59886275CA8F800FCC32B /* Unsplash.swift in Sources */,
				93BF89712745A05700EF386A /* AppDelegate.swift in Sources */,
				93BF89732745A05700EF386A /* SceneDelegate.swift in Sources */,
				93FF7C092746BE4700064E83 /* UIView+Ext.swift in Sources */,
				939AD0482768D6F600F73FFE /* ImageSearchTF.swift in Sources */,
				93B4ED04275B388D00C6E5E9 /* SocialViewController.swift in Sources */,
				939E4A2F278CA8AE00A9A0E2 /* PhotoViewController.swift in Sources */,
				93C3CFE92761EED0009CD963 /* TextConfigurationVC.swift in Sources */,
				9305BA012757570F003E91F7 /* PersistenceManager.swift in Sources */,
				9376472A2790201C00A5B4E9 /* ActionButton.swift in Sources */,
				939A3A362754AF500079DF97 /* EmptyAuthorView.swift in Sources */,
				93C3CFE22761E0F3009CD963 /* ImageVC.swift in Sources */,
				93BBBCFB27A71A1A00363E90 /* CostumeIconsButton.swift in Sources */,
				93D228A9276C6D3600D6AC18 /* AppVersionViewController.swift in Sources */,
				93FF7C072746BA5100064E83 /* CostumBackground.swift in Sources */,
				93A9FB5727536F5600442A91 /* ErrorMasasge.swift in Sources */,
				93B4ED06275B38E800C6E5E9 /* CostumeSocialButton.swift in Sources */,
				93D228A5276C66C300D6AC18 /* CostumTitleLabel.swift in Sources */,
				9305BA0A2757D697003E91F7 /* CellQuoteLabel.swift in Sources */,
				93C2564F276B5E5400AACB94 /* FacebookViewController.swift in Sources */,
				93A064F1278ED46C0099412D /* UserDefManager.swift in Sources */,
				93C25651276B60E000AACB94 /* TwiterViewController.swift in Sources */,
				939AD04A27690F1000F73FFE /* UINavigationController +Ext.swift in Sources */,
				93BDB9C72748D44900E4B928 /* CostumQuoteLebel.swift in Sources */,
				93D228A3276C666300D6AC18 /* SideMenuViewController.swift in Sources */,
				93A9FB5527536E5E00442A91 /* Quote.swift in Sources */,
				93ECBB5B2768603D00E1BB67 /* NSNotification+Ext.swift in Sources */,
				93E1CE32274FF73B0089ECF1 /* CostumTransButton.swift in Sources */,
				93A59880275CA67300FCC32B /* UnsplashCollectionVC.swift in Sources */,
				93EE8D02274A4E7C000A8964 /* CostumAuthorLabel.swift in Sources */,
				93EE8D00274A4BB1000A8964 /* AuthorImageView.swift in Sources */,
				93C10641278C170D00E4CAF8 /* EmptyAuthorView2.swift in Sources */,
				93C25653276B60EE00AACB94 /* LinkedInViewController.swift in Sources */,
				93F6B8C527465EA5005181C0 /* QuoteViewController.swift in Sources */,
				9377028D277E146100BF0AC4 /* InstagramManager.swift in Sources */,
				93A9FB592753F7B400442A91 /* Wikipedia.swift in Sources */,
				93BDB9CA2748DDF100E4B928 /* Constants.swift in Sources */,
				9305BA0C2757D6DB003E91F7 /* CellAuthorLabel.swift in Sources */,
			);
			runOnlyForDeploymentPostprocessing = 0;
		};
		93BF897F2745A05A00EF386A /* Sources */ = {
			isa = PBXSourcesBuildPhase;
			buildActionMask = 2147483647;
			files = (
				93BF89882745A05A00EF386A /* iQuoteTests.swift in Sources */,
			);
			runOnlyForDeploymentPostprocessing = 0;
		};
		93BF89892745A05A00EF386A /* Sources */ = {
			isa = PBXSourcesBuildPhase;
			buildActionMask = 2147483647;
			files = (
				93BF89922745A05A00EF386A /* iQuoteUITests.swift in Sources */,
				93BF89942745A05A00EF386A /* iQuoteUITestsLaunchTests.swift in Sources */,
			);
			runOnlyForDeploymentPostprocessing = 0;
		};
/* End PBXSourcesBuildPhase section */

/* Begin PBXTargetDependency section */
		93BF89852745A05A00EF386A /* PBXTargetDependency */ = {
			isa = PBXTargetDependency;
			target = 93BF896C2745A05700EF386A /* iQuote */;
			targetProxy = 93BF89842745A05A00EF386A /* PBXContainerItemProxy */;
		};
		93BF898F2745A05A00EF386A /* PBXTargetDependency */ = {
			isa = PBXTargetDependency;
			target = 93BF896C2745A05700EF386A /* iQuote */;
			targetProxy = 93BF898E2745A05A00EF386A /* PBXContainerItemProxy */;
		};
/* End PBXTargetDependency section */

/* Begin PBXVariantGroup section */
		93BF897B2745A05A00EF386A /* LaunchScreen.storyboard */ = {
			isa = PBXVariantGroup;
			children = (
				93BF897C2745A05A00EF386A /* Base */,
			);
			name = LaunchScreen.storyboard;
			sourceTree = "<group>";
		};
/* End PBXVariantGroup section */

/* Begin XCBuildConfiguration section */
		93BF89952745A05A00EF386A /* Debug */ = {
			isa = XCBuildConfiguration;
			buildSettings = {
				ALWAYS_SEARCH_USER_PATHS = NO;
				CLANG_ANALYZER_NONNULL = YES;
				CLANG_ANALYZER_NUMBER_OBJECT_CONVERSION = YES_AGGRESSIVE;
				CLANG_CXX_LANGUAGE_STANDARD = "gnu++17";
				CLANG_CXX_LIBRARY = "libc++";
				CLANG_ENABLE_MODULES = YES;
				CLANG_ENABLE_OBJC_ARC = YES;
				CLANG_ENABLE_OBJC_WEAK = YES;
				CLANG_WARN_BLOCK_CAPTURE_AUTORELEASING = YES;
				CLANG_WARN_BOOL_CONVERSION = YES;
				CLANG_WARN_COMMA = YES;
				CLANG_WARN_CONSTANT_CONVERSION = YES;
				CLANG_WARN_DEPRECATED_OBJC_IMPLEMENTATIONS = YES;
				CLANG_WARN_DIRECT_OBJC_ISA_USAGE = YES_ERROR;
				CLANG_WARN_DOCUMENTATION_COMMENTS = YES;
				CLANG_WARN_EMPTY_BODY = YES;
				CLANG_WARN_ENUM_CONVERSION = YES;
				CLANG_WARN_INFINITE_RECURSION = YES;
				CLANG_WARN_INT_CONVERSION = YES;
				CLANG_WARN_NON_LITERAL_NULL_CONVERSION = YES;
				CLANG_WARN_OBJC_IMPLICIT_RETAIN_SELF = YES;
				CLANG_WARN_OBJC_LITERAL_CONVERSION = YES;
				CLANG_WARN_OBJC_ROOT_CLASS = YES_ERROR;
				CLANG_WARN_QUOTED_INCLUDE_IN_FRAMEWORK_HEADER = YES;
				CLANG_WARN_RANGE_LOOP_ANALYSIS = YES;
				CLANG_WARN_STRICT_PROTOTYPES = YES;
				CLANG_WARN_SUSPICIOUS_MOVE = YES;
				CLANG_WARN_UNGUARDED_AVAILABILITY = YES_AGGRESSIVE;
				CLANG_WARN_UNREACHABLE_CODE = YES;
				CLANG_WARN__DUPLICATE_METHOD_MATCH = YES;
				COPY_PHASE_STRIP = NO;
				DEBUG_INFORMATION_FORMAT = dwarf;
				ENABLE_STRICT_OBJC_MSGSEND = YES;
				ENABLE_TESTABILITY = YES;
				GCC_C_LANGUAGE_STANDARD = gnu11;
				GCC_DYNAMIC_NO_PIC = NO;
				GCC_NO_COMMON_BLOCKS = YES;
				GCC_OPTIMIZATION_LEVEL = 0;
				GCC_PREPROCESSOR_DEFINITIONS = (
					"DEBUG=1",
					"$(inherited)",
				);
				GCC_WARN_64_TO_32_BIT_CONVERSION = YES;
				GCC_WARN_ABOUT_RETURN_TYPE = YES_ERROR;
				GCC_WARN_UNDECLARED_SELECTOR = YES;
				GCC_WARN_UNINITIALIZED_AUTOS = YES_AGGRESSIVE;
				GCC_WARN_UNUSED_FUNCTION = YES;
				GCC_WARN_UNUSED_VARIABLE = YES;
				IPHONEOS_DEPLOYMENT_TARGET = 15.0;
				MTL_ENABLE_DEBUG_INFO = INCLUDE_SOURCE;
				MTL_FAST_MATH = YES;
				ONLY_ACTIVE_ARCH = YES;
				SDKROOT = iphoneos;
				SWIFT_ACTIVE_COMPILATION_CONDITIONS = DEBUG;
				SWIFT_OPTIMIZATION_LEVEL = "-Onone";
			};
			name = Debug;
		};
		93BF89962745A05A00EF386A /* Release */ = {
			isa = XCBuildConfiguration;
			buildSettings = {
				ALWAYS_SEARCH_USER_PATHS = NO;
				CLANG_ANALYZER_NONNULL = YES;
				CLANG_ANALYZER_NUMBER_OBJECT_CONVERSION = YES_AGGRESSIVE;
				CLANG_CXX_LANGUAGE_STANDARD = "gnu++17";
				CLANG_CXX_LIBRARY = "libc++";
				CLANG_ENABLE_MODULES = YES;
				CLANG_ENABLE_OBJC_ARC = YES;
				CLANG_ENABLE_OBJC_WEAK = YES;
				CLANG_WARN_BLOCK_CAPTURE_AUTORELEASING = YES;
				CLANG_WARN_BOOL_CONVERSION = YES;
				CLANG_WARN_COMMA = YES;
				CLANG_WARN_CONSTANT_CONVERSION = YES;
				CLANG_WARN_DEPRECATED_OBJC_IMPLEMENTATIONS = YES;
				CLANG_WARN_DIRECT_OBJC_ISA_USAGE = YES_ERROR;
				CLANG_WARN_DOCUMENTATION_COMMENTS = YES;
				CLANG_WARN_EMPTY_BODY = YES;
				CLANG_WARN_ENUM_CONVERSION = YES;
				CLANG_WARN_INFINITE_RECURSION = YES;
				CLANG_WARN_INT_CONVERSION = YES;
				CLANG_WARN_NON_LITERAL_NULL_CONVERSION = YES;
				CLANG_WARN_OBJC_IMPLICIT_RETAIN_SELF = YES;
				CLANG_WARN_OBJC_LITERAL_CONVERSION = YES;
				CLANG_WARN_OBJC_ROOT_CLASS = YES_ERROR;
				CLANG_WARN_QUOTED_INCLUDE_IN_FRAMEWORK_HEADER = YES;
				CLANG_WARN_RANGE_LOOP_ANALYSIS = YES;
				CLANG_WARN_STRICT_PROTOTYPES = YES;
				CLANG_WARN_SUSPICIOUS_MOVE = YES;
				CLANG_WARN_UNGUARDED_AVAILABILITY = YES_AGGRESSIVE;
				CLANG_WARN_UNREACHABLE_CODE = YES;
				CLANG_WARN__DUPLICATE_METHOD_MATCH = YES;
				COPY_PHASE_STRIP = NO;
				DEBUG_INFORMATION_FORMAT = "dwarf-with-dsym";
				ENABLE_NS_ASSERTIONS = NO;
				ENABLE_STRICT_OBJC_MSGSEND = YES;
				GCC_C_LANGUAGE_STANDARD = gnu11;
				GCC_NO_COMMON_BLOCKS = YES;
				GCC_WARN_64_TO_32_BIT_CONVERSION = YES;
				GCC_WARN_ABOUT_RETURN_TYPE = YES_ERROR;
				GCC_WARN_UNDECLARED_SELECTOR = YES;
				GCC_WARN_UNINITIALIZED_AUTOS = YES_AGGRESSIVE;
				GCC_WARN_UNUSED_FUNCTION = YES;
				GCC_WARN_UNUSED_VARIABLE = YES;
				IPHONEOS_DEPLOYMENT_TARGET = 15.0;
				MTL_ENABLE_DEBUG_INFO = NO;
				MTL_FAST_MATH = YES;
				SDKROOT = iphoneos;
				SWIFT_COMPILATION_MODE = wholemodule;
				SWIFT_OPTIMIZATION_LEVEL = "-O";
				VALIDATE_PRODUCT = YES;
			};
			name = Release;
		};
		93BF89982745A05A00EF386A /* Debug */ = {
			isa = XCBuildConfiguration;
			buildSettings = {
				ASSETCATALOG_COMPILER_APPICON_NAME = AppIcon;
				ASSETCATALOG_COMPILER_GLOBAL_ACCENT_COLOR_NAME = AccentColor;
				CODE_SIGN_STYLE = Automatic;
				CURRENT_PROJECT_VERSION = 1;
				DEVELOPMENT_TEAM = 8RH4482R36;
				GENERATE_INFOPLIST_FILE = YES;
				INFOPLIST_FILE = iQuote/Info.plist;
				INFOPLIST_KEY_UIApplicationSupportsIndirectInputEvents = YES;
				INFOPLIST_KEY_UILaunchStoryboardName = LaunchScreen;
				INFOPLIST_KEY_UISupportedInterfaceOrientations = "";
				INFOPLIST_KEY_UISupportedInterfaceOrientations_iPad = "UIInterfaceOrientationPortrait UIInterfaceOrientationPortraitUpsideDown UIInterfaceOrientationLandscapeLeft UIInterfaceOrientationLandscapeRight";
				INFOPLIST_KEY_UISupportedInterfaceOrientations_iPhone = "UIInterfaceOrientationPortrait UIInterfaceOrientationLandscapeLeft UIInterfaceOrientationLandscapeRight";
				LD_RUNPATH_SEARCH_PATHS = (
					"$(inherited)",
					"@executable_path/Frameworks",
				);
				MARKETING_VERSION = 1.0;
				PRODUCT_BUNDLE_IDENTIFIER = SebastianSciuba.iQuote;
				PRODUCT_NAME = "$(TARGET_NAME)";
				SWIFT_EMIT_LOC_STRINGS = YES;
				SWIFT_VERSION = 5.0;
				TARGETED_DEVICE_FAMILY = 1;
			};
			name = Debug;
		};
		93BF89992745A05A00EF386A /* Release */ = {
			isa = XCBuildConfiguration;
			buildSettings = {
				ASSETCATALOG_COMPILER_APPICON_NAME = AppIcon;
				ASSETCATALOG_COMPILER_GLOBAL_ACCENT_COLOR_NAME = AccentColor;
				CODE_SIGN_STYLE = Automatic;
				CURRENT_PROJECT_VERSION = 1;
				DEVELOPMENT_TEAM = 8RH4482R36;
				GENERATE_INFOPLIST_FILE = YES;
				INFOPLIST_FILE = iQuote/Info.plist;
				INFOPLIST_KEY_UIApplicationSupportsIndirectInputEvents = YES;
				INFOPLIST_KEY_UILaunchStoryboardName = LaunchScreen;
				INFOPLIST_KEY_UISupportedInterfaceOrientations = "";
				INFOPLIST_KEY_UISupportedInterfaceOrientations_iPad = "UIInterfaceOrientationPortrait UIInterfaceOrientationPortraitUpsideDown UIInterfaceOrientationLandscapeLeft UIInterfaceOrientationLandscapeRight";
				INFOPLIST_KEY_UISupportedInterfaceOrientations_iPhone = "UIInterfaceOrientationPortrait UIInterfaceOrientationLandscapeLeft UIInterfaceOrientationLandscapeRight";
				LD_RUNPATH_SEARCH_PATHS = (
					"$(inherited)",
					"@executable_path/Frameworks",
				);
				MARKETING_VERSION = 1.0;
				PRODUCT_BUNDLE_IDENTIFIER = SebastianSciuba.iQuote;
				PRODUCT_NAME = "$(TARGET_NAME)";
				SWIFT_EMIT_LOC_STRINGS = YES;
				SWIFT_VERSION = 5.0;
				TARGETED_DEVICE_FAMILY = 1;
			};
			name = Release;
		};
		93BF899B2745A05A00EF386A /* Debug */ = {
			isa = XCBuildConfiguration;
			buildSettings = {
				ALWAYS_EMBED_SWIFT_STANDARD_LIBRARIES = YES;
				BUNDLE_LOADER = "$(TEST_HOST)";
				CODE_SIGN_STYLE = Automatic;
				CURRENT_PROJECT_VERSION = 1;
				DEVELOPMENT_TEAM = 8RH4482R36;
				GENERATE_INFOPLIST_FILE = YES;
				IPHONEOS_DEPLOYMENT_TARGET = 15.0;
				LD_RUNPATH_SEARCH_PATHS = (
					"$(inherited)",
					"@executable_path/Frameworks",
					"@loader_path/Frameworks",
				);
				MARKETING_VERSION = 1.0;
				PRODUCT_BUNDLE_IDENTIFIER = SebastianSciuba.iQuoteTests;
				PRODUCT_NAME = "$(TARGET_NAME)";
				SWIFT_EMIT_LOC_STRINGS = NO;
				SWIFT_VERSION = 5.0;
				TARGETED_DEVICE_FAMILY = "1,2";
				TEST_HOST = "$(BUILT_PRODUCTS_DIR)/iQuote.app/iQuote";
			};
			name = Debug;
		};
		93BF899C2745A05A00EF386A /* Release */ = {
			isa = XCBuildConfiguration;
			buildSettings = {
				ALWAYS_EMBED_SWIFT_STANDARD_LIBRARIES = YES;
				BUNDLE_LOADER = "$(TEST_HOST)";
				CODE_SIGN_STYLE = Automatic;
				CURRENT_PROJECT_VERSION = 1;
				DEVELOPMENT_TEAM = 8RH4482R36;
				GENERATE_INFOPLIST_FILE = YES;
				IPHONEOS_DEPLOYMENT_TARGET = 15.0;
				LD_RUNPATH_SEARCH_PATHS = (
					"$(inherited)",
					"@executable_path/Frameworks",
					"@loader_path/Frameworks",
				);
				MARKETING_VERSION = 1.0;
				PRODUCT_BUNDLE_IDENTIFIER = SebastianSciuba.iQuoteTests;
				PRODUCT_NAME = "$(TARGET_NAME)";
				SWIFT_EMIT_LOC_STRINGS = NO;
				SWIFT_VERSION = 5.0;
				TARGETED_DEVICE_FAMILY = "1,2";
				TEST_HOST = "$(BUILT_PRODUCTS_DIR)/iQuote.app/iQuote";
			};
			name = Release;
		};
		93BF899E2745A05A00EF386A /* Debug */ = {
			isa = XCBuildConfiguration;
			buildSettings = {
				ALWAYS_EMBED_SWIFT_STANDARD_LIBRARIES = YES;
				CODE_SIGN_STYLE = Automatic;
				CURRENT_PROJECT_VERSION = 1;
				DEVELOPMENT_TEAM = 8RH4482R36;
				GENERATE_INFOPLIST_FILE = YES;
				LD_RUNPATH_SEARCH_PATHS = (
					"$(inherited)",
					"@executable_path/Frameworks",
					"@loader_path/Frameworks",
				);
				MARKETING_VERSION = 1.0;
				PRODUCT_BUNDLE_IDENTIFIER = SebastianSciuba.iQuoteUITests;
				PRODUCT_NAME = "$(TARGET_NAME)";
				SWIFT_EMIT_LOC_STRINGS = NO;
				SWIFT_VERSION = 5.0;
				TARGETED_DEVICE_FAMILY = "1,2";
				TEST_TARGET_NAME = iQuote;
			};
			name = Debug;
		};
		93BF899F2745A05A00EF386A /* Release */ = {
			isa = XCBuildConfiguration;
			buildSettings = {
				ALWAYS_EMBED_SWIFT_STANDARD_LIBRARIES = YES;
				CODE_SIGN_STYLE = Automatic;
				CURRENT_PROJECT_VERSION = 1;
				DEVELOPMENT_TEAM = 8RH4482R36;
				GENERATE_INFOPLIST_FILE = YES;
				LD_RUNPATH_SEARCH_PATHS = (
					"$(inherited)",
					"@executable_path/Frameworks",
					"@loader_path/Frameworks",
				);
				MARKETING_VERSION = 1.0;
				PRODUCT_BUNDLE_IDENTIFIER = SebastianSciuba.iQuoteUITests;
				PRODUCT_NAME = "$(TARGET_NAME)";
				SWIFT_EMIT_LOC_STRINGS = NO;
				SWIFT_VERSION = 5.0;
				TARGETED_DEVICE_FAMILY = "1,2";
				TEST_TARGET_NAME = iQuote;
			};
			name = Release;
		};
/* End XCBuildConfiguration section */

/* Begin XCConfigurationList section */
		93BF89682745A05700EF386A /* Build configuration list for PBXProject "iQuote" */ = {
			isa = XCConfigurationList;
			buildConfigurations = (
				93BF89952745A05A00EF386A /* Debug */,
				93BF89962745A05A00EF386A /* Release */,
			);
			defaultConfigurationIsVisible = 0;
			defaultConfigurationName = Release;
		};
		93BF89972745A05A00EF386A /* Build configuration list for PBXNativeTarget "iQuote" */ = {
			isa = XCConfigurationList;
			buildConfigurations = (
				93BF89982745A05A00EF386A /* Debug */,
				93BF89992745A05A00EF386A /* Release */,
			);
			defaultConfigurationIsVisible = 0;
			defaultConfigurationName = Release;
		};
		93BF899A2745A05A00EF386A /* Build configuration list for PBXNativeTarget "iQuoteTests" */ = {
			isa = XCConfigurationList;
			buildConfigurations = (
				93BF899B2745A05A00EF386A /* Debug */,
				93BF899C2745A05A00EF386A /* Release */,
			);
			defaultConfigurationIsVisible = 0;
			defaultConfigurationName = Release;
		};
		93BF899D2745A05A00EF386A /* Build configuration list for PBXNativeTarget "iQuoteUITests" */ = {
			isa = XCConfigurationList;
			buildConfigurations = (
				93BF899E2745A05A00EF386A /* Debug */,
				93BF899F2745A05A00EF386A /* Release */,
			);
			defaultConfigurationIsVisible = 0;
			defaultConfigurationName = Release;
		};
/* End XCConfigurationList section */

/* Begin XCRemoteSwiftPackageReference section */
		939AC1F2276BEA0D001E7FA2 /* XCRemoteSwiftPackageReference "facebook-ios-sdk" */ = {
			isa = XCRemoteSwiftPackageReference;
			repositoryURL = "https://github.com/facebook/facebook-ios-sdk";
			requirement = {
				branch = main;
				kind = branch;
			};
		};
		939AD04B27692EFB00F73FFE /* XCRemoteSwiftPackageReference "IQKeyboardManager" */ = {
			isa = XCRemoteSwiftPackageReference;
			repositoryURL = "https://github.com/hackiftekhar/IQKeyboardManager.git";
			requirement = {
				kind = upToNextMajorVersion;
				minimumVersion = 6.0.0;
			};
		};
		93D2289E276C662300D6AC18 /* XCRemoteSwiftPackageReference "SideMenu" */ = {
			isa = XCRemoteSwiftPackageReference;
			repositoryURL = "https://github.com/jonkykong/SideMenu.git";
			requirement = {
				kind = upToNextMajorVersion;
				minimumVersion = 6.0.0;
			};
		};
/* End XCRemoteSwiftPackageReference section */

/* Begin XCSwiftPackageProductDependency section */
		939AC1F3276BEA0D001E7FA2 /* FacebookShare */ = {
			isa = XCSwiftPackageProductDependency;
			package = 939AC1F2276BEA0D001E7FA2 /* XCRemoteSwiftPackageReference "facebook-ios-sdk" */;
			productName = FacebookShare;
		};
		939AD04C27692EFB00F73FFE /* IQKeyboardManagerSwift */ = {
			isa = XCSwiftPackageProductDependency;
			package = 939AD04B27692EFB00F73FFE /* XCRemoteSwiftPackageReference "IQKeyboardManager" */;
			productName = IQKeyboardManagerSwift;
		};
		93D2289F276C662300D6AC18 /* SideMenu */ = {
			isa = XCSwiftPackageProductDependency;
			package = 93D2289E276C662300D6AC18 /* XCRemoteSwiftPackageReference "SideMenu" */;
			productName = SideMenu;
		};
/* End XCSwiftPackageProductDependency section */
	};
	rootObject = 93BF89652745A05700EF386A /* Project object */;
}
