// !$*UTF8*$!
{
	archiveVersion = 1;
	classes = {
	};
	objectVersion = 55;
	objects = {

/* Begin PBXBuildFile section */
		9305BA012757570F003E91F7 /* PersistenceManager.swift in Sources */ = {isa = PBXBuildFile; fileRef = 9305BA002757570F003E91F7 /* PersistenceManager.swift */; };
		9305BA0327575D62003E91F7 /* FavoritesListViewController.swift in Sources */ = {isa = PBXBuildFile; fileRef = 9305BA0227575D62003E91F7 /* FavoritesListViewController.swift */; };
		9305BA0527575FCF003E91F7 /* SwipeLine.swift in Sources */ = {isa = PBXBuildFile; fileRef = 9305BA0427575FCF003E91F7 /* SwipeLine.swift */; };
		9305BA08275760CB003E91F7 /* FavoritesTableViewCell.swift in Sources */ = {isa = PBXBuildFile; fileRef = 9305BA07275760CB003E91F7 /* FavoritesTableViewCell.swift */; };
		9305BA0A2757D697003E91F7 /* CellQuoteLabel.swift in Sources */ = {isa = PBXBuildFile; fileRef = 9305BA092757D696003E91F7 /* CellQuoteLabel.swift */; };
		9305BA0C2757D6DB003E91F7 /* CellAuthorLabel.swift in Sources */ = {isa = PBXBuildFile; fileRef = 9305BA0B2757D6DB003E91F7 /* CellAuthorLabel.swift */; };
		93761BA6274A2D8300DF12B6 /* AuthorViewController.swift in Sources */ = {isa = PBXBuildFile; fileRef = 93761BA5274A2D8300DF12B6 /* AuthorViewController.swift */; };
		93992734275AA60A00E95481 /* SharedViewController.swift in Sources */ = {isa = PBXBuildFile; fileRef = 93992733275AA60A00E95481 /* SharedViewController.swift */; };
		939A3A362754AF500079DF97 /* EmptyAuthorView.swift in Sources */ = {isa = PBXBuildFile; fileRef = 939A3A352754AF500079DF97 /* EmptyAuthorView.swift */; };
		939A3A382754CF010079DF97 /* UIViewController+Ext.swift in Sources */ = {isa = PBXBuildFile; fileRef = 939A3A372754CF010079DF97 /* UIViewController+Ext.swift */; };
		939A3A3B2754FC680079DF97 /* AlertViewController.swift in Sources */ = {isa = PBXBuildFile; fileRef = 939A3A3A2754FC680079DF97 /* AlertViewController.swift */; };
		93A9FB5327536D7000442A91 /* NetwokManager.swift in Sources */ = {isa = PBXBuildFile; fileRef = 93A9FB5227536D7000442A91 /* NetwokManager.swift */; };
		93A9FB5527536E5E00442A91 /* Quote.swift in Sources */ = {isa = PBXBuildFile; fileRef = 93A9FB5427536E5E00442A91 /* Quote.swift */; };
		93A9FB5727536F5600442A91 /* ErrorMasasge.swift in Sources */ = {isa = PBXBuildFile; fileRef = 93A9FB5627536F5600442A91 /* ErrorMasasge.swift */; };
		93A9FB592753F7B400442A91 /* Wikipedia.swift in Sources */ = {isa = PBXBuildFile; fileRef = 93A9FB582753F7B400442A91 /* Wikipedia.swift */; };
		93B4ED04275B388D00C6E5E9 /* SocialViewController.swift in Sources */ = {isa = PBXBuildFile; fileRef = 93B4ED03275B388D00C6E5E9 /* SocialViewController.swift */; };
		93B4ED06275B38E800C6E5E9 /* CostumeSocialButton.swift in Sources */ = {isa = PBXBuildFile; fileRef = 93B4ED05275B38E800C6E5E9 /* CostumeSocialButton.swift */; };
		93B4ED08275B3BB700C6E5E9 /* ImageConfigurationVC.swift in Sources */ = {isa = PBXBuildFile; fileRef = 93B4ED07275B3BB700C6E5E9 /* ImageConfigurationVC.swift */; };
		93BDB9C72748D44900E4B928 /* CostumQuoteLebel.swift in Sources */ = {isa = PBXBuildFile; fileRef = 93BDB9C62748D44900E4B928 /* CostumQuoteLebel.swift */; };
		93BDB9CA2748DDF100E4B928 /* Constants.swift in Sources */ = {isa = PBXBuildFile; fileRef = 93BDB9C92748DDF100E4B928 /* Constants.swift */; };
		93BF89712745A05700EF386A /* AppDelegate.swift in Sources */ = {isa = PBXBuildFile; fileRef = 93BF89702745A05700EF386A /* AppDelegate.swift */; };
		93BF89732745A05700EF386A /* SceneDelegate.swift in Sources */ = {isa = PBXBuildFile; fileRef = 93BF89722745A05700EF386A /* SceneDelegate.swift */; };
		93BF897A2745A05A00EF386A /* Assets.xcassets in Resources */ = {isa = PBXBuildFile; fileRef = 93BF89792745A05A00EF386A /* Assets.xcassets */; };
		93BF897D2745A05A00EF386A /* LaunchScreen.storyboard in Resources */ = {isa = PBXBuildFile; fileRef = 93BF897B2745A05A00EF386A /* LaunchScreen.storyboard */; };
		93BF89882745A05A00EF386A /* iQuoteTests.swift in Sources */ = {isa = PBXBuildFile; fileRef = 93BF89872745A05A00EF386A /* iQuoteTests.swift */; };
		93BF89922745A05A00EF386A /* iQuoteUITests.swift in Sources */ = {isa = PBXBuildFile; fileRef = 93BF89912745A05A00EF386A /* iQuoteUITests.swift */; };
		93BF89942745A05A00EF386A /* iQuoteUITestsLaunchTests.swift in Sources */ = {isa = PBXBuildFile; fileRef = 93BF89932745A05A00EF386A /* iQuoteUITestsLaunchTests.swift */; };
		93BF89A12745A3B400EF386A /* MainViewController.swift in Sources */ = {isa = PBXBuildFile; fileRef = 93BF89A02745A3B400EF386A /* MainViewController.swift */; };
		93BF89A72746220E00EF386A /* UIColor+Ext.swift in Sources */ = {isa = PBXBuildFile; fileRef = 93BF89A62746220E00EF386A /* UIColor+Ext.swift */; };
		93CE1CDB274ACB0D004FD559 /* NavigationViewController.swift in Sources */ = {isa = PBXBuildFile; fileRef = 93CE1CDA274ACB0D004FD559 /* NavigationViewController.swift */; };
		93CE1CDE274ACC0A004FD559 /* CostumQuoteButton.swift in Sources */ = {isa = PBXBuildFile; fileRef = 93CE1CDD274ACC0A004FD559 /* CostumQuoteButton.swift */; };
		93E1CE32274FF73B0089ECF1 /* CostumTransButton.swift in Sources */ = {isa = PBXBuildFile; fileRef = 93E1CE31274FF73B0089ECF1 /* CostumTransButton.swift */; };
		93EE8D00274A4BB1000A8964 /* AuthorImageView.swift in Sources */ = {isa = PBXBuildFile; fileRef = 93EE8CFF274A4BB1000A8964 /* AuthorImageView.swift */; };
		93EE8D02274A4E7C000A8964 /* CostumAuthorLabel.swift in Sources */ = {isa = PBXBuildFile; fileRef = 93EE8D01274A4E7C000A8964 /* CostumAuthorLabel.swift */; };
		93F6B8C527465EA5005181C0 /* QuoteViewController.swift in Sources */ = {isa = PBXBuildFile; fileRef = 93F6B8C427465EA5005181C0 /* QuoteViewController.swift */; };
		93FF7C072746BA5100064E83 /* CostumBackground.swift in Sources */ = {isa = PBXBuildFile; fileRef = 93FF7C062746BA5100064E83 /* CostumBackground.swift */; };
		93FF7C092746BE4700064E83 /* UIView+Ext.swift in Sources */ = {isa = PBXBuildFile; fileRef = 93FF7C082746BE4700064E83 /* UIView+Ext.swift */; };
/* End PBXBuildFile section */

/* Begin PBXContainerItemProxy section */
		93BF89842745A05A00EF386A /* PBXContainerItemProxy */ = {
			isa = PBXContainerItemProxy;
			containerPortal = 93BF89652745A05700EF386A /* Project object */;
			proxyType = 1;
			remoteGlobalIDString = 93BF896C2745A05700EF386A;
			remoteInfo = iQuote;
		};
		93BF898E2745A05A00EF386A /* PBXContainerItemProxy */ = {
			isa = PBXContainerItemProxy;
			containerPortal = 93BF89652745A05700EF386A /* Project object */;
			proxyType = 1;
			remoteGlobalIDString = 93BF896C2745A05700EF386A;
			remoteInfo = iQuote;
		};
/* End PBXContainerItemProxy section */

/* Begin PBXFileReference section */
		9305BA002757570F003E91F7 /* PersistenceManager.swift */ = {isa = PBXFileReference; lastKnownFileType = sourcecode.swift; path = PersistenceManager.swift; sourceTree = "<group>"; };
		9305BA0227575D62003E91F7 /* FavoritesListViewController.swift */ = {isa = PBXFileReference; lastKnownFileType = sourcecode.swift; path = FavoritesListViewController.swift; sourceTree = "<group>"; };
		9305BA0427575FCF003E91F7 /* SwipeLine.swift */ = {isa = PBXFileReference; lastKnownFileType = sourcecode.swift; path = SwipeLine.swift; sourceTree = "<group>"; };
		9305BA07275760CB003E91F7 /* FavoritesTableViewCell.swift */ = {isa = PBXFileReference; lastKnownFileType = sourcecode.swift; path = FavoritesTableViewCell.swift; sourceTree = "<group>"; };
		9305BA092757D696003E91F7 /* CellQuoteLabel.swift */ = {isa = PBXFileReference; lastKnownFileType = sourcecode.swift; path = CellQuoteLabel.swift; sourceTree = "<group>"; };
		9305BA0B2757D6DB003E91F7 /* CellAuthorLabel.swift */ = {isa = PBXFileReference; lastKnownFileType = sourcecode.swift; path = CellAuthorLabel.swift; sourceTree = "<group>"; };
		93761BA5274A2D8300DF12B6 /* AuthorViewController.swift */ = {isa = PBXFileReference; lastKnownFileType = sourcecode.swift; path = AuthorViewController.swift; sourceTree = "<group>"; };
		93992733275AA60A00E95481 /* SharedViewController.swift */ = {isa = PBXFileReference; lastKnownFileType = sourcecode.swift; path = SharedViewController.swift; sourceTree = "<group>"; };
		939A3A352754AF500079DF97 /* EmptyAuthorView.swift */ = {isa = PBXFileReference; lastKnownFileType = sourcecode.swift; path = EmptyAuthorView.swift; sourceTree = "<group>"; };
		939A3A372754CF010079DF97 /* UIViewController+Ext.swift */ = {isa = PBXFileReference; lastKnownFileType = sourcecode.swift; path = "UIViewController+Ext.swift"; sourceTree = "<group>"; };
		939A3A3A2754FC680079DF97 /* AlertViewController.swift */ = {isa = PBXFileReference; lastKnownFileType = sourcecode.swift; path = AlertViewController.swift; sourceTree = "<group>"; };
		93A9FB5227536D7000442A91 /* NetwokManager.swift */ = {isa = PBXFileReference; lastKnownFileType = sourcecode.swift; path = NetwokManager.swift; sourceTree = "<group>"; };
		93A9FB5427536E5E00442A91 /* Quote.swift */ = {isa = PBXFileReference; lastKnownFileType = sourcecode.swift; path = Quote.swift; sourceTree = "<group>"; };
		93A9FB5627536F5600442A91 /* ErrorMasasge.swift */ = {isa = PBXFileReference; lastKnownFileType = sourcecode.swift; path = ErrorMasasge.swift; sourceTree = "<group>"; };
		93A9FB582753F7B400442A91 /* Wikipedia.swift */ = {isa = PBXFileReference; lastKnownFileType = sourcecode.swift; path = Wikipedia.swift; sourceTree = "<group>"; };
		93B4ED03275B388D00C6E5E9 /* SocialViewController.swift */ = {isa = PBXFileReference; lastKnownFileType = sourcecode.swift; path = SocialViewController.swift; sourceTree = "<group>"; };
		93B4ED05275B38E800C6E5E9 /* CostumeSocialButton.swift */ = {isa = PBXFileReference; lastKnownFileType = sourcecode.swift; path = CostumeSocialButton.swift; sourceTree = "<group>"; };
		93B4ED07275B3BB700C6E5E9 /* ImageConfigurationVC.swift */ = {isa = PBXFileReference; lastKnownFileType = sourcecode.swift; path = ImageConfigurationVC.swift; sourceTree = "<group>"; };
		93BDB9C62748D44900E4B928 /* CostumQuoteLebel.swift */ = {isa = PBXFileReference; lastKnownFileType = sourcecode.swift; path = CostumQuoteLebel.swift; sourceTree = "<group>"; };
		93BDB9C92748DDF100E4B928 /* Constants.swift */ = {isa = PBXFileReference; lastKnownFileType = sourcecode.swift; path = Constants.swift; sourceTree = "<group>"; };
		93BF896D2745A05700EF386A /* iQuote.app */ = {isa = PBXFileReference; explicitFileType = wrapper.application; includeInIndex = 0; path = iQuote.app; sourceTree = BUILT_PRODUCTS_DIR; };
		93BF89702745A05700EF386A /* AppDelegate.swift */ = {isa = PBXFileReference; lastKnownFileType = sourcecode.swift; path = AppDelegate.swift; sourceTree = "<group>"; };
		93BF89722745A05700EF386A /* SceneDelegate.swift */ = {isa = PBXFileReference; lastKnownFileType = sourcecode.swift; path = SceneDelegate.swift; sourceTree = "<group>"; };
		93BF89792745A05A00EF386A /* Assets.xcassets */ = {isa = PBXFileReference; lastKnownFileType = folder.assetcatalog; path = Assets.xcassets; sourceTree = "<group>"; };
		93BF897C2745A05A00EF386A /* Base */ = {isa = PBXFileReference; lastKnownFileType = file.storyboard; name = Base; path = Base.lproj/LaunchScreen.storyboard; sourceTree = "<group>"; };
		93BF897E2745A05A00EF386A /* Info.plist */ = {isa = PBXFileReference; lastKnownFileType = text.plist.xml; path = Info.plist; sourceTree = "<group>"; };
		93BF89832745A05A00EF386A /* iQuoteTests.xctest */ = {isa = PBXFileReference; explicitFileType = wrapper.cfbundle; includeInIndex = 0; path = iQuoteTests.xctest; sourceTree = BUILT_PRODUCTS_DIR; };
		93BF89872745A05A00EF386A /* iQuoteTests.swift */ = {isa = PBXFileReference; lastKnownFileType = sourcecode.swift; path = iQuoteTests.swift; sourceTree = "<group>"; };
		93BF898D2745A05A00EF386A /* iQuoteUITests.xctest */ = {isa = PBXFileReference; explicitFileType = wrapper.cfbundle; includeInIndex = 0; path = iQuoteUITests.xctest; sourceTree = BUILT_PRODUCTS_DIR; };
		93BF89912745A05A00EF386A /* iQuoteUITests.swift */ = {isa = PBXFileReference; lastKnownFileType = sourcecode.swift; path = iQuoteUITests.swift; sourceTree = "<group>"; };
		93BF89932745A05A00EF386A /* iQuoteUITestsLaunchTests.swift */ = {isa = PBXFileReference; lastKnownFileType = sourcecode.swift; path = iQuoteUITestsLaunchTests.swift; sourceTree = "<group>"; };
		93BF89A02745A3B400EF386A /* MainViewController.swift */ = {isa = PBXFileReference; lastKnownFileType = sourcecode.swift; path = MainViewController.swift; sourceTree = "<group>"; };
		93BF89A62746220E00EF386A /* UIColor+Ext.swift */ = {isa = PBXFileReference; lastKnownFileType = sourcecode.swift; path = "UIColor+Ext.swift"; sourceTree = "<group>"; };
		93CE1CDA274ACB0D004FD559 /* NavigationViewController.swift */ = {isa = PBXFileReference; lastKnownFileType = sourcecode.swift; path = NavigationViewController.swift; sourceTree = "<group>"; };
		93CE1CDD274ACC0A004FD559 /* CostumQuoteButton.swift */ = {isa = PBXFileReference; lastKnownFileType = sourcecode.swift; path = CostumQuoteButton.swift; sourceTree = "<group>"; };
		93E1CE31274FF73B0089ECF1 /* CostumTransButton.swift */ = {isa = PBXFileReference; lastKnownFileType = sourcecode.swift; path = CostumTransButton.swift; sourceTree = "<group>"; };
		93EE8CFF274A4BB1000A8964 /* AuthorImageView.swift */ = {isa = PBXFileReference; lastKnownFileType = sourcecode.swift; path = AuthorImageView.swift; sourceTree = "<group>"; };
		93EE8D01274A4E7C000A8964 /* CostumAuthorLabel.swift */ = {isa = PBXFileReference; lastKnownFileType = sourcecode.swift; path = CostumAuthorLabel.swift; sourceTree = "<group>"; };
		93F6B8C427465EA5005181C0 /* QuoteViewController.swift */ = {isa = PBXFileReference; lastKnownFileType = sourcecode.swift; path = QuoteViewController.swift; sourceTree = "<group>"; };
		93FF7C062746BA5100064E83 /* CostumBackground.swift */ = {isa = PBXFileReference; lastKnownFileType = sourcecode.swift; path = CostumBackground.swift; sourceTree = "<group>"; };
		93FF7C082746BE4700064E83 /* UIView+Ext.swift */ = {isa = PBXFileReference; lastKnownFileType = sourcecode.swift; path = "UIView+Ext.swift"; sourceTree = "<group>"; };
/* End PBXFileReference section */

/* Begin PBXFrameworksBuildPhase section */
		93BF896A2745A05700EF386A /* Frameworks */ = {
			isa = PBXFrameworksBuildPhase;
			buildActionMask = 2147483647;
			files = (
			);
			runOnlyForDeploymentPostprocessing = 0;
		};
		93BF89802745A05A00EF386A /* Frameworks */ = {
			isa = PBXFrameworksBuildPhase;
			buildActionMask = 2147483647;
			files = (
			);
			runOnlyForDeploymentPostprocessing = 0;
		};
		93BF898A2745A05A00EF386A /* Frameworks */ = {
			isa = PBXFrameworksBuildPhase;
			buildActionMask = 2147483647;
			files = (
			);
			runOnlyForDeploymentPostprocessing = 0;
		};
/* End PBXFrameworksBuildPhase section */

/* Begin PBXGroup section */
		9305BA06275760B7003E91F7 /* Cell */ = {
			isa = PBXGroup;
			children = (
				9305BA07275760CB003E91F7 /* FavoritesTableViewCell.swift */,
			);
			path = Cell;
			sourceTree = "<group>";
		};
		939A3A342754AF3E0079DF97 /* View */ = {
			isa = PBXGroup;
			children = (
				939A3A352754AF500079DF97 /* EmptyAuthorView.swift */,
				9305BA0427575FCF003E91F7 /* SwipeLine.swift */,
			);
			path = View;
			sourceTree = "<group>";
		};
		939A3A392754FC390079DF97 /* AlertView */ = {
			isa = PBXGroup;
			children = (
				939A3A3A2754FC680079DF97 /* AlertViewController.swift */,
			);
			path = AlertView;
			sourceTree = "<group>";
		};
		93A9FB5127536D5F00442A91 /* Manager */ = {
			isa = PBXGroup;
			children = (
				93A9FB5227536D7000442A91 /* NetwokManager.swift */,
				9305BA002757570F003E91F7 /* PersistenceManager.swift */,
			);
			path = Manager;
			sourceTree = "<group>";
		};
		93B4ED01275B36B400C6E5E9 /* MainVC */ = {
			isa = PBXGroup;
			children = (
				93F6B8C427465EA5005181C0 /* QuoteViewController.swift */,
				93761BA5274A2D8300DF12B6 /* AuthorViewController.swift */,
				93CE1CDA274ACB0D004FD559 /* NavigationViewController.swift */,
			);
			path = MainVC;
			sourceTree = "<group>";
		};
		93B4ED02275B36E100C6E5E9 /* SharedVC */ = {
			isa = PBXGroup;
			children = (
				93B4ED03275B388D00C6E5E9 /* SocialViewController.swift */,
				93B4ED07275B3BB700C6E5E9 /* ImageConfigurationVC.swift */,
			);
			path = SharedVC;
			sourceTree = "<group>";
		};
		93BDB9C52748D43800E4B928 /* UILabel */ = {
			isa = PBXGroup;
			children = (
				9305BA092757D696003E91F7 /* CellQuoteLabel.swift */,
				9305BA0B2757D6DB003E91F7 /* CellAuthorLabel.swift */,
				93BDB9C62748D44900E4B928 /* CostumQuoteLebel.swift */,
				93EE8D01274A4E7C000A8964 /* CostumAuthorLabel.swift */,
			);
			path = UILabel;
			sourceTree = "<group>";
		};
		93BDB9C82748DDDA00E4B928 /* Utilitis */ = {
			isa = PBXGroup;
			children = (
				93BDB9C92748DDF100E4B928 /* Constants.swift */,
				93A9FB5627536F5600442A91 /* ErrorMasasge.swift */,
			);
			path = Utilitis;
			sourceTree = "<group>";
		};
		93BF89642745A05700EF386A = {
			isa = PBXGroup;
			children = (
				93BF896F2745A05700EF386A /* iQuote */,
				93BF89862745A05A00EF386A /* iQuoteTests */,
				93BF89902745A05A00EF386A /* iQuoteUITests */,
				93BF896E2745A05700EF386A /* Products */,
			);
			sourceTree = "<group>";
		};
		93BF896E2745A05700EF386A /* Products */ = {
			isa = PBXGroup;
			children = (
				93BF896D2745A05700EF386A /* iQuote.app */,
				93BF89832745A05A00EF386A /* iQuoteTests.xctest */,
				93BF898D2745A05A00EF386A /* iQuoteUITests.xctest */,
			);
			name = Products;
			sourceTree = "<group>";
		};
		93BF896F2745A05700EF386A /* iQuote */ = {
			isa = PBXGroup;
			children = (
				93BF89702745A05700EF386A /* AppDelegate.swift */,
				93BF89722745A05700EF386A /* SceneDelegate.swift */,
				93BDB9C82748DDDA00E4B928 /* Utilitis */,
				93BF89A52745A54900EF386A /* Extensions */,
				93A9FB5127536D5F00442A91 /* Manager */,
				93BF89A22745A51700EF386A /* Model */,
				93BF89A32745A52200EF386A /* View */,
				93BF89A42745A52800EF386A /* Controller */,
				93BF89792745A05A00EF386A /* Assets.xcassets */,
				93BF897B2745A05A00EF386A /* LaunchScreen.storyboard */,
				93BF897E2745A05A00EF386A /* Info.plist */,
			);
			path = iQuote;
			sourceTree = "<group>";
		};
		93BF89862745A05A00EF386A /* iQuoteTests */ = {
			isa = PBXGroup;
			children = (
				93BF89872745A05A00EF386A /* iQuoteTests.swift */,
			);
			path = iQuoteTests;
			sourceTree = "<group>";
		};
		93BF89902745A05A00EF386A /* iQuoteUITests */ = {
			isa = PBXGroup;
			children = (
				93BF89912745A05A00EF386A /* iQuoteUITests.swift */,
				93BF89932745A05A00EF386A /* iQuoteUITestsLaunchTests.swift */,
			);
			path = iQuoteUITests;
			sourceTree = "<group>";
		};
		93BF89A22745A51700EF386A /* Model */ = {
			isa = PBXGroup;
			children = (
				93A9FB5427536E5E00442A91 /* Quote.swift */,
				93A9FB582753F7B400442A91 /* Wikipedia.swift */,
			);
			path = Model;
			sourceTree = "<group>";
		};
		93BF89A32745A52200EF386A /* View */ = {
			isa = PBXGroup;
			children = (
				9305BA06275760B7003E91F7 /* Cell */,
				939A3A342754AF3E0079DF97 /* View */,
				939A3A392754FC390079DF97 /* AlertView */,
				93F6B8C327465E93005181C0 /* ViewControllers */,
				93BDB9C52748D43800E4B928 /* UILabel */,
				93FF7C0A2746C02A00064E83 /* UIImageView */,
				93CE1CDC274ACB78004FD559 /* UIButton */,
			);
			path = View;
			sourceTree = "<group>";
		};
		93BF89A42745A52800EF386A /* Controller */ = {
			isa = PBXGroup;
			children = (
				93BF89A02745A3B400EF386A /* MainViewController.swift */,
				9305BA0227575D62003E91F7 /* FavoritesListViewController.swift */,
				93992733275AA60A00E95481 /* SharedViewController.swift */,
			);
			path = Controller;
			sourceTree = "<group>";
		};
		93BF89A52745A54900EF386A /* Extensions */ = {
			isa = PBXGroup;
			children = (
				93BF89A62746220E00EF386A /* UIColor+Ext.swift */,
				93FF7C082746BE4700064E83 /* UIView+Ext.swift */,
				939A3A372754CF010079DF97 /* UIViewController+Ext.swift */,
			);
			path = Extensions;
			sourceTree = "<group>";
		};
		93CE1CDC274ACB78004FD559 /* UIButton */ = {
			isa = PBXGroup;
			children = (
				93CE1CDD274ACC0A004FD559 /* CostumQuoteButton.swift */,
				93E1CE31274FF73B0089ECF1 /* CostumTransButton.swift */,
				93B4ED05275B38E800C6E5E9 /* CostumeSocialButton.swift */,
			);
			path = UIButton;
			sourceTree = "<group>";
		};
		93F6B8C327465E93005181C0 /* ViewControllers */ = {
			isa = PBXGroup;
			children = (
				93B4ED01275B36B400C6E5E9 /* MainVC */,
				93B4ED02275B36E100C6E5E9 /* SharedVC */,
			);
			path = ViewControllers;
			sourceTree = "<group>";
		};
		93FF7C0A2746C02A00064E83 /* UIImageView */ = {
			isa = PBXGroup;
			children = (
				93FF7C062746BA5100064E83 /* CostumBackground.swift */,
				93EE8CFF274A4BB1000A8964 /* AuthorImageView.swift */,
			);
			path = UIImageView;
			sourceTree = "<group>";
		};
/* End PBXGroup section */

/* Begin PBXNativeTarget section */
		93BF896C2745A05700EF386A /* iQuote */ = {
			isa = PBXNativeTarget;
			buildConfigurationList = 93BF89972745A05A00EF386A /* Build configuration list for PBXNativeTarget "iQuote" */;
			buildPhases = (
				93BF89692745A05700EF386A /* Sources */,
				93BF896A2745A05700EF386A /* Frameworks */,
				93BF896B2745A05700EF386A /* Resources */,
			);
			buildRules = (
			);
			dependencies = (
			);
			name = iQuote;
			productName = iQuote;
			productReference = 93BF896D2745A05700EF386A /* iQuote.app */;
			productType = "com.apple.product-type.application";
		};
		93BF89822745A05A00EF386A /* iQuoteTests */ = {
			isa = PBXNativeTarget;
			buildConfigurationList = 93BF899A2745A05A00EF386A /* Build configuration list for PBXNativeTarget "iQuoteTests" */;
			buildPhases = (
				93BF897F2745A05A00EF386A /* Sources */,
				93BF89802745A05A00EF386A /* Frameworks */,
				93BF89812745A05A00EF386A /* Resources */,
			);
			buildRules = (
			);
			dependencies = (
				93BF89852745A05A00EF386A /* PBXTargetDependency */,
			);
			name = iQuoteTests;
			productName = iQuoteTests;
			productReference = 93BF89832745A05A00EF386A /* iQuoteTests.xctest */;
			productType = "com.apple.product-type.bundle.unit-test";
		};
		93BF898C2745A05A00EF386A /* iQuoteUITests */ = {
			isa = PBXNativeTarget;
			buildConfigurationList = 93BF899D2745A05A00EF386A /* Build configuration list for PBXNativeTarget "iQuoteUITests" */;
			buildPhases = (
				93BF89892745A05A00EF386A /* Sources */,
				93BF898A2745A05A00EF386A /* Frameworks */,
				93BF898B2745A05A00EF386A /* Resources */,
			);
			buildRules = (
			);
			dependencies = (
				93BF898F2745A05A00EF386A /* PBXTargetDependency */,
			);
			name = iQuoteUITests;
			productName = iQuoteUITests;
			productReference = 93BF898D2745A05A00EF386A /* iQuoteUITests.xctest */;
			productType = "com.apple.product-type.bundle.ui-testing";
		};
/* End PBXNativeTarget section */

/* Begin PBXProject section */
		93BF89652745A05700EF386A /* Project object */ = {
			isa = PBXProject;
			attributes = {
				BuildIndependentTargetsInParallel = 1;
				LastSwiftUpdateCheck = 1310;
				LastUpgradeCheck = 1310;
				TargetAttributes = {
					93BF896C2745A05700EF386A = {
						CreatedOnToolsVersion = 13.1;
					};
					93BF89822745A05A00EF386A = {
						CreatedOnToolsVersion = 13.1;
						TestTargetID = 93BF896C2745A05700EF386A;
					};
					93BF898C2745A05A00EF386A = {
						CreatedOnToolsVersion = 13.1;
						TestTargetID = 93BF896C2745A05700EF386A;
					};
				};
			};
			buildConfigurationList = 93BF89682745A05700EF386A /* Build configuration list for PBXProject "iQuote" */;
			compatibilityVersion = "Xcode 13.0";
			developmentRegion = en;
			hasScannedForEncodings = 0;
			knownRegions = (
				en,
				Base,
			);
			mainGroup = 93BF89642745A05700EF386A;
			productRefGroup = 93BF896E2745A05700EF386A /* Products */;
			projectDirPath = "";
			projectRoot = "";
			targets = (
				93BF896C2745A05700EF386A /* iQuote */,
				93BF89822745A05A00EF386A /* iQuoteTests */,
				93BF898C2745A05A00EF386A /* iQuoteUITests */,
			);
		};
/* End PBXProject section */

/* Begin PBXResourcesBuildPhase section */
		93BF896B2745A05700EF386A /* Resources */ = {
			isa = PBXResourcesBuildPhase;
			buildActionMask = 2147483647;
			files = (
				93BF897D2745A05A00EF386A /* LaunchScreen.storyboard in Resources */,
				93BF897A2745A05A00EF386A /* Assets.xcassets in Resources */,
			);
			runOnlyForDeploymentPostprocessing = 0;
		};
		93BF89812745A05A00EF386A /* Resources */ = {
			isa = PBXResourcesBuildPhase;
			buildActionMask = 2147483647;
			files = (
			);
			runOnlyForDeploymentPostprocessing = 0;
		};
		93BF898B2745A05A00EF386A /* Resources */ = {
			isa = PBXResourcesBuildPhase;
			buildActionMask = 2147483647;
			files = (
			);
			runOnlyForDeploymentPostprocessing = 0;
		};
/* End PBXResourcesBuildPhase section */

/* Begin PBXSourcesBuildPhase section */
		93BF89692745A05700EF386A /* Sources */ = {
			isa = PBXSourcesBuildPhase;
			buildActionMask = 2147483647;
			files = (
				9305BA0527575FCF003E91F7 /* SwipeLine.swift in Sources */,
				93BF89A12745A3B400EF386A /* MainViewController.swift in Sources */,
				93A9FB5327536D7000442A91 /* NetwokManager.swift in Sources */,
				939A3A382754CF010079DF97 /* UIViewController+Ext.swift in Sources */,
				93CE1CDB274ACB0D004FD559 /* NavigationViewController.swift in Sources */,
				93761BA6274A2D8300DF12B6 /* AuthorViewController.swift in Sources */,
				93CE1CDE274ACC0A004FD559 /* CostumQuoteButton.swift in Sources */,
				93992734275AA60A00E95481 /* SharedViewController.swift in Sources */,
				9305BA0327575D62003E91F7 /* FavoritesListViewController.swift in Sources */,
				93B4ED08275B3BB700C6E5E9 /* ImageConfigurationVC.swift in Sources */,
				93BF89A72746220E00EF386A /* UIColor+Ext.swift in Sources */,
				9305BA08275760CB003E91F7 /* FavoritesTableViewCell.swift in Sources */,
				939A3A3B2754FC680079DF97 /* AlertViewController.swift in Sources */,
				93BF89712745A05700EF386A /* AppDelegate.swift in Sources */,
				93BF89732745A05700EF386A /* SceneDelegate.swift in Sources */,
				93FF7C092746BE4700064E83 /* UIView+Ext.swift in Sources */,
				93B4ED04275B388D00C6E5E9 /* SocialViewController.swift in Sources */,
				9305BA012757570F003E91F7 /* PersistenceManager.swift in Sources */,
				939A3A362754AF500079DF97 /* EmptyAuthorView.swift in Sources */,
				93FF7C072746BA5100064E83 /* CostumBackground.swift in Sources */,
				93A9FB5727536F5600442A91 /* ErrorMasasge.swift in Sources */,
				93B4ED06275B38E800C6E5E9 /* CostumeSocialButton.swift in Sources */,
				9305BA0A2757D697003E91F7 /* CellQuoteLabel.swift in Sources */,
				93BDB9C72748D44900E4B928 /* CostumQuoteLebel.swift in Sources */,
				93A9FB5527536E5E00442A91 /* Quote.swift in Sources */,
				93E1CE32274FF73B0089ECF1 /* CostumTransButton.swift in Sources */,
				93EE8D02274A4E7C000A8964 /* CostumAuthorLabel.swift in Sources */,
				93EE8D00274A4BB1000A8964 /* AuthorImageView.swift in Sources */,
				93F6B8C527465EA5005181C0 /* QuoteViewController.swift in Sources */,
				93A9FB592753F7B400442A91 /* Wikipedia.swift in Sources */,
				93BDB9CA2748DDF100E4B928 /* Constants.swift in Sources */,
				9305BA0C2757D6DB003E91F7 /* CellAuthorLabel.swift in Sources */,
			);
			runOnlyForDeploymentPostprocessing = 0;
		};
		93BF897F2745A05A00EF386A /* Sources */ = {
			isa = PBXSourcesBuildPhase;
			buildActionMask = 2147483647;
			files = (
				93BF89882745A05A00EF386A /* iQuoteTests.swift in Sources */,
			);
			runOnlyForDeploymentPostprocessing = 0;
		};
		93BF89892745A05A00EF386A /* Sources */ = {
			isa = PBXSourcesBuildPhase;
			buildActionMask = 2147483647;
			files = (
				93BF89922745A05A00EF386A /* iQuoteUITests.swift in Sources */,
				93BF89942745A05A00EF386A /* iQuoteUITestsLaunchTests.swift in Sources */,
			);
			runOnlyForDeploymentPostprocessing = 0;
		};
/* End PBXSourcesBuildPhase section */

/* Begin PBXTargetDependency section */
		93BF89852745A05A00EF386A /* PBXTargetDependency */ = {
			isa = PBXTargetDependency;
			target = 93BF896C2745A05700EF386A /* iQuote */;
			targetProxy = 93BF89842745A05A00EF386A /* PBXContainerItemProxy */;
		};
		93BF898F2745A05A00EF386A /* PBXTargetDependency */ = {
			isa = PBXTargetDependency;
			target = 93BF896C2745A05700EF386A /* iQuote */;
			targetProxy = 93BF898E2745A05A00EF386A /* PBXContainerItemProxy */;
		};
/* End PBXTargetDependency section */

/* Begin PBXVariantGroup section */
		93BF897B2745A05A00EF386A /* LaunchScreen.storyboard */ = {
			isa = PBXVariantGroup;
			children = (
				93BF897C2745A05A00EF386A /* Base */,
			);
			name = LaunchScreen.storyboard;
			sourceTree = "<group>";
		};
/* End PBXVariantGroup section */

/* Begin XCBuildConfiguration section */
		93BF89952745A05A00EF386A /* Debug */ = {
			isa = XCBuildConfiguration;
			buildSettings = {
				ALWAYS_SEARCH_USER_PATHS = NO;
				CLANG_ANALYZER_NONNULL = YES;
				CLANG_ANALYZER_NUMBER_OBJECT_CONVERSION = YES_AGGRESSIVE;
				CLANG_CXX_LANGUAGE_STANDARD = "gnu++17";
				CLANG_CXX_LIBRARY = "libc++";
				CLANG_ENABLE_MODULES = YES;
				CLANG_ENABLE_OBJC_ARC = YES;
				CLANG_ENABLE_OBJC_WEAK = YES;
				CLANG_WARN_BLOCK_CAPTURE_AUTORELEASING = YES;
				CLANG_WARN_BOOL_CONVERSION = YES;
				CLANG_WARN_COMMA = YES;
				CLANG_WARN_CONSTANT_CONVERSION = YES;
				CLANG_WARN_DEPRECATED_OBJC_IMPLEMENTATIONS = YES;
				CLANG_WARN_DIRECT_OBJC_ISA_USAGE = YES_ERROR;
				CLANG_WARN_DOCUMENTATION_COMMENTS = YES;
				CLANG_WARN_EMPTY_BODY = YES;
				CLANG_WARN_ENUM_CONVERSION = YES;
				CLANG_WARN_INFINITE_RECURSION = YES;
				CLANG_WARN_INT_CONVERSION = YES;
				CLANG_WARN_NON_LITERAL_NULL_CONVERSION = YES;
				CLANG_WARN_OBJC_IMPLICIT_RETAIN_SELF = YES;
				CLANG_WARN_OBJC_LITERAL_CONVERSION = YES;
				CLANG_WARN_OBJC_ROOT_CLASS = YES_ERROR;
				CLANG_WARN_QUOTED_INCLUDE_IN_FRAMEWORK_HEADER = YES;
				CLANG_WARN_RANGE_LOOP_ANALYSIS = YES;
				CLANG_WARN_STRICT_PROTOTYPES = YES;
				CLANG_WARN_SUSPICIOUS_MOVE = YES;
				CLANG_WARN_UNGUARDED_AVAILABILITY = YES_AGGRESSIVE;
				CLANG_WARN_UNREACHABLE_CODE = YES;
				CLANG_WARN__DUPLICATE_METHOD_MATCH = YES;
				COPY_PHASE_STRIP = NO;
				DEBUG_INFORMATION_FORMAT = dwarf;
				ENABLE_STRICT_OBJC_MSGSEND = YES;
				ENABLE_TESTABILITY = YES;
				GCC_C_LANGUAGE_STANDARD = gnu11;
				GCC_DYNAMIC_NO_PIC = NO;
				GCC_NO_COMMON_BLOCKS = YES;
				GCC_OPTIMIZATION_LEVEL = 0;
				GCC_PREPROCESSOR_DEFINITIONS = (
					"DEBUG=1",
					"$(inherited)",
				);
				GCC_WARN_64_TO_32_BIT_CONVERSION = YES;
				GCC_WARN_ABOUT_RETURN_TYPE = YES_ERROR;
				GCC_WARN_UNDECLARED_SELECTOR = YES;
				GCC_WARN_UNINITIALIZED_AUTOS = YES_AGGRESSIVE;
				GCC_WARN_UNUSED_FUNCTION = YES;
				GCC_WARN_UNUSED_VARIABLE = YES;
				IPHONEOS_DEPLOYMENT_TARGET = 15.0;
				MTL_ENABLE_DEBUG_INFO = INCLUDE_SOURCE;
				MTL_FAST_MATH = YES;
				ONLY_ACTIVE_ARCH = YES;
				SDKROOT = iphoneos;
				SWIFT_ACTIVE_COMPILATION_CONDITIONS = DEBUG;
				SWIFT_OPTIMIZATION_LEVEL = "-Onone";
			};
			name = Debug;
		};
		93BF89962745A05A00EF386A /* Release */ = {
			isa = XCBuildConfiguration;
			buildSettings = {
				ALWAYS_SEARCH_USER_PATHS = NO;
				CLANG_ANALYZER_NONNULL = YES;
				CLANG_ANALYZER_NUMBER_OBJECT_CONVERSION = YES_AGGRESSIVE;
				CLANG_CXX_LANGUAGE_STANDARD = "gnu++17";
				CLANG_CXX_LIBRARY = "libc++";
				CLANG_ENABLE_MODULES = YES;
				CLANG_ENABLE_OBJC_ARC = YES;
				CLANG_ENABLE_OBJC_WEAK = YES;
				CLANG_WARN_BLOCK_CAPTURE_AUTORELEASING = YES;
				CLANG_WARN_BOOL_CONVERSION = YES;
				CLANG_WARN_COMMA = YES;
				CLANG_WARN_CONSTANT_CONVERSION = YES;
				CLANG_WARN_DEPRECATED_OBJC_IMPLEMENTATIONS = YES;
				CLANG_WARN_DIRECT_OBJC_ISA_USAGE = YES_ERROR;
				CLANG_WARN_DOCUMENTATION_COMMENTS = YES;
				CLANG_WARN_EMPTY_BODY = YES;
				CLANG_WARN_ENUM_CONVERSION = YES;
				CLANG_WARN_INFINITE_RECURSION = YES;
				CLANG_WARN_INT_CONVERSION = YES;
				CLANG_WARN_NON_LITERAL_NULL_CONVERSION = YES;
				CLANG_WARN_OBJC_IMPLICIT_RETAIN_SELF = YES;
				CLANG_WARN_OBJC_LITERAL_CONVERSION = YES;
				CLANG_WARN_OBJC_ROOT_CLASS = YES_ERROR;
				CLANG_WARN_QUOTED_INCLUDE_IN_FRAMEWORK_HEADER = YES;
				CLANG_WARN_RANGE_LOOP_ANALYSIS = YES;
				CLANG_WARN_STRICT_PROTOTYPES = YES;
				CLANG_WARN_SUSPICIOUS_MOVE = YES;
				CLANG_WARN_UNGUARDED_AVAILABILITY = YES_AGGRESSIVE;
				CLANG_WARN_UNREACHABLE_CODE = YES;
				CLANG_WARN__DUPLICATE_METHOD_MATCH = YES;
				COPY_PHASE_STRIP = NO;
				DEBUG_INFORMATION_FORMAT = "dwarf-with-dsym";
				ENABLE_NS_ASSERTIONS = NO;
				ENABLE_STRICT_OBJC_MSGSEND = YES;
				GCC_C_LANGUAGE_STANDARD = gnu11;
				GCC_NO_COMMON_BLOCKS = YES;
				GCC_WARN_64_TO_32_BIT_CONVERSION = YES;
				GCC_WARN_ABOUT_RETURN_TYPE = YES_ERROR;
				GCC_WARN_UNDECLARED_SELECTOR = YES;
				GCC_WARN_UNINITIALIZED_AUTOS = YES_AGGRESSIVE;
				GCC_WARN_UNUSED_FUNCTION = YES;
				GCC_WARN_UNUSED_VARIABLE = YES;
				IPHONEOS_DEPLOYMENT_TARGET = 15.0;
				MTL_ENABLE_DEBUG_INFO = NO;
				MTL_FAST_MATH = YES;
				SDKROOT = iphoneos;
				SWIFT_COMPILATION_MODE = wholemodule;
				SWIFT_OPTIMIZATION_LEVEL = "-O";
				VALIDATE_PRODUCT = YES;
			};
			name = Release;
		};
		93BF89982745A05A00EF386A /* Debug */ = {
			isa = XCBuildConfiguration;
			buildSettings = {
				ASSETCATALOG_COMPILER_APPICON_NAME = AppIcon;
				ASSETCATALOG_COMPILER_GLOBAL_ACCENT_COLOR_NAME = AccentColor;
				CODE_SIGN_STYLE = Automatic;
				CURRENT_PROJECT_VERSION = 1;
				DEVELOPMENT_TEAM = 8RH4482R36;
				GENERATE_INFOPLIST_FILE = YES;
				INFOPLIST_FILE = iQuote/Info.plist;
				INFOPLIST_KEY_UIApplicationSupportsIndirectInputEvents = YES;
				INFOPLIST_KEY_UILaunchStoryboardName = LaunchScreen;
				INFOPLIST_KEY_UISupportedInterfaceOrientations = "";
				INFOPLIST_KEY_UISupportedInterfaceOrientations_iPad = "UIInterfaceOrientationPortrait UIInterfaceOrientationPortraitUpsideDown UIInterfaceOrientationLandscapeLeft UIInterfaceOrientationLandscapeRight";
				INFOPLIST_KEY_UISupportedInterfaceOrientations_iPhone = "UIInterfaceOrientationPortrait UIInterfaceOrientationLandscapeLeft UIInterfaceOrientationLandscapeRight";
				LD_RUNPATH_SEARCH_PATHS = (
					"$(inherited)",
					"@executable_path/Frameworks",
				);
				MARKETING_VERSION = 1.0;
				PRODUCT_BUNDLE_IDENTIFIER = SebastianSciuba.iQuote;
				PRODUCT_NAME = "$(TARGET_NAME)";
				SWIFT_EMIT_LOC_STRINGS = YES;
				SWIFT_VERSION = 5.0;
				TARGETED_DEVICE_FAMILY = 1;
			};
			name = Debug;
		};
		93BF89992745A05A00EF386A /* Release */ = {
			isa = XCBuildConfiguration;
			buildSettings = {
				ASSETCATALOG_COMPILER_APPICON_NAME = AppIcon;
				ASSETCATALOG_COMPILER_GLOBAL_ACCENT_COLOR_NAME = AccentColor;
				CODE_SIGN_STYLE = Automatic;
				CURRENT_PROJECT_VERSION = 1;
				DEVELOPMENT_TEAM = 8RH4482R36;
				GENERATE_INFOPLIST_FILE = YES;
				INFOPLIST_FILE = iQuote/Info.plist;
				INFOPLIST_KEY_UIApplicationSupportsIndirectInputEvents = YES;
				INFOPLIST_KEY_UILaunchStoryboardName = LaunchScreen;
				INFOPLIST_KEY_UISupportedInterfaceOrientations = "";
				INFOPLIST_KEY_UISupportedInterfaceOrientations_iPad = "UIInterfaceOrientationPortrait UIInterfaceOrientationPortraitUpsideDown UIInterfaceOrientationLandscapeLeft UIInterfaceOrientationLandscapeRight";
				INFOPLIST_KEY_UISupportedInterfaceOrientations_iPhone = "UIInterfaceOrientationPortrait UIInterfaceOrientationLandscapeLeft UIInterfaceOrientationLandscapeRight";
				LD_RUNPATH_SEARCH_PATHS = (
					"$(inherited)",
					"@executable_path/Frameworks",
				);
				MARKETING_VERSION = 1.0;
				PRODUCT_BUNDLE_IDENTIFIER = SebastianSciuba.iQuote;
				PRODUCT_NAME = "$(TARGET_NAME)";
				SWIFT_EMIT_LOC_STRINGS = YES;
				SWIFT_VERSION = 5.0;
				TARGETED_DEVICE_FAMILY = 1;
			};
			name = Release;
		};
		93BF899B2745A05A00EF386A /* Debug */ = {
			isa = XCBuildConfiguration;
			buildSettings = {
				ALWAYS_EMBED_SWIFT_STANDARD_LIBRARIES = YES;
				BUNDLE_LOADER = "$(TEST_HOST)";
				CODE_SIGN_STYLE = Automatic;
				CURRENT_PROJECT_VERSION = 1;
				DEVELOPMENT_TEAM = 8RH4482R36;
				GENERATE_INFOPLIST_FILE = YES;
				IPHONEOS_DEPLOYMENT_TARGET = 15.0;
				LD_RUNPATH_SEARCH_PATHS = (
					"$(inherited)",
					"@executable_path/Frameworks",
					"@loader_path/Frameworks",
				);
				MARKETING_VERSION = 1.0;
				PRODUCT_BUNDLE_IDENTIFIER = SebastianSciuba.iQuoteTests;
				PRODUCT_NAME = "$(TARGET_NAME)";
				SWIFT_EMIT_LOC_STRINGS = NO;
				SWIFT_VERSION = 5.0;
				TARGETED_DEVICE_FAMILY = "1,2";
				TEST_HOST = "$(BUILT_PRODUCTS_DIR)/iQuote.app/iQuote";
			};
			name = Debug;
		};
		93BF899C2745A05A00EF386A /* Release */ = {
			isa = XCBuildConfiguration;
			buildSettings = {
				ALWAYS_EMBED_SWIFT_STANDARD_LIBRARIES = YES;
				BUNDLE_LOADER = "$(TEST_HOST)";
				CODE_SIGN_STYLE = Automatic;
				CURRENT_PROJECT_VERSION = 1;
				DEVELOPMENT_TEAM = 8RH4482R36;
				GENERATE_INFOPLIST_FILE = YES;
				IPHONEOS_DEPLOYMENT_TARGET = 15.0;
				LD_RUNPATH_SEARCH_PATHS = (
					"$(inherited)",
					"@executable_path/Frameworks",
					"@loader_path/Frameworks",
				);
				MARKETING_VERSION = 1.0;
				PRODUCT_BUNDLE_IDENTIFIER = SebastianSciuba.iQuoteTests;
				PRODUCT_NAME = "$(TARGET_NAME)";
				SWIFT_EMIT_LOC_STRINGS = NO;
				SWIFT_VERSION = 5.0;
				TARGETED_DEVICE_FAMILY = "1,2";
				TEST_HOST = "$(BUILT_PRODUCTS_DIR)/iQuote.app/iQuote";
			};
			name = Release;
		};
		93BF899E2745A05A00EF386A /* Debug */ = {
			isa = XCBuildConfiguration;
			buildSettings = {
				ALWAYS_EMBED_SWIFT_STANDARD_LIBRARIES = YES;
				CODE_SIGN_STYLE = Automatic;
				CURRENT_PROJECT_VERSION = 1;
				DEVELOPMENT_TEAM = 8RH4482R36;
				GENERATE_INFOPLIST_FILE = YES;
				LD_RUNPATH_SEARCH_PATHS = (
					"$(inherited)",
					"@executable_path/Frameworks",
					"@loader_path/Frameworks",
				);
				MARKETING_VERSION = 1.0;
				PRODUCT_BUNDLE_IDENTIFIER = SebastianSciuba.iQuoteUITests;
				PRODUCT_NAME = "$(TARGET_NAME)";
				SWIFT_EMIT_LOC_STRINGS = NO;
				SWIFT_VERSION = 5.0;
				TARGETED_DEVICE_FAMILY = "1,2";
				TEST_TARGET_NAME = iQuote;
			};
			name = Debug;
		};
		93BF899F2745A05A00EF386A /* Release */ = {
			isa = XCBuildConfiguration;
			buildSettings = {
				ALWAYS_EMBED_SWIFT_STANDARD_LIBRARIES = YES;
				CODE_SIGN_STYLE = Automatic;
				CURRENT_PROJECT_VERSION = 1;
				DEVELOPMENT_TEAM = 8RH4482R36;
				GENERATE_INFOPLIST_FILE = YES;
				LD_RUNPATH_SEARCH_PATHS = (
					"$(inherited)",
					"@executable_path/Frameworks",
					"@loader_path/Frameworks",
				);
				MARKETING_VERSION = 1.0;
				PRODUCT_BUNDLE_IDENTIFIER = SebastianSciuba.iQuoteUITests;
				PRODUCT_NAME = "$(TARGET_NAME)";
				SWIFT_EMIT_LOC_STRINGS = NO;
				SWIFT_VERSION = 5.0;
				TARGETED_DEVICE_FAMILY = "1,2";
				TEST_TARGET_NAME = iQuote;
			};
			name = Release;
		};
/* End XCBuildConfiguration section */

/* Begin XCConfigurationList section */
		93BF89682745A05700EF386A /* Build configuration list for PBXProject "iQuote" */ = {
			isa = XCConfigurationList;
			buildConfigurations = (
				93BF89952745A05A00EF386A /* Debug */,
				93BF89962745A05A00EF386A /* Release */,
			);
			defaultConfigurationIsVisible = 0;
			defaultConfigurationName = Release;
		};
		93BF89972745A05A00EF386A /* Build configuration list for PBXNativeTarget "iQuote" */ = {
			isa = XCConfigurationList;
			buildConfigurations = (
				93BF89982745A05A00EF386A /* Debug */,
				93BF89992745A05A00EF386A /* Release */,
			);
			defaultConfigurationIsVisible = 0;
			defaultConfigurationName = Release;
		};
		93BF899A2745A05A00EF386A /* Build configuration list for PBXNativeTarget "iQuoteTests" */ = {
			isa = XCConfigurationList;
			buildConfigurations = (
				93BF899B2745A05A00EF386A /* Debug */,
				93BF899C2745A05A00EF386A /* Release */,
			);
			defaultConfigurationIsVisible = 0;
			defaultConfigurationName = Release;
		};
		93BF899D2745A05A00EF386A /* Build configuration list for PBXNativeTarget "iQuoteUITests" */ = {
			isa = XCConfigurationList;
			buildConfigurations = (
				93BF899E2745A05A00EF386A /* Debug */,
				93BF899F2745A05A00EF386A /* Release */,
			);
			defaultConfigurationIsVisible = 0;
			defaultConfigurationName = Release;
		};
/* End XCConfigurationList section */
	};
	rootObject = 93BF89652745A05700EF386A /* Project object */;
}
